// !$*UTF8*$!
{
	archiveVersion = 1;
	classes = {
	};
	objectVersion = 54;
	objects = {

/* Begin PBXBuildFile section */
		00E356F31AD99517003FC87E /* IgniteKitTests.m in Sources */ = {isa = PBXBuildFile; fileRef = 00E356F21AD99517003FC87E /* IgniteKitTests.m */; };
		13B07FBC1A68108700A75B9A /* AppDelegate.mm in Sources */ = {isa = PBXBuildFile; fileRef = 13B07FB01A68108700A75B9A /* AppDelegate.mm */; };
		13B07FBF1A68108700A75B9A /* Images.xcassets in Resources */ = {isa = PBXBuildFile; fileRef = 13B07FB51A68108700A75B9A /* Images.xcassets */; };
		13B07FC11A68108700A75B9A /* main.m in Sources */ = {isa = PBXBuildFile; fileRef = 13B07FB71A68108700A75B9A /* main.m */; };
		20F59FE2441461C6C53B4773 /* ExpoModulesProvider.swift in Sources */ = {isa = PBXBuildFile; fileRef = 01D78A3AD16B81EA9447A49C /* ExpoModulesProvider.swift */; };
		28904B41ABDB174C9EBC5398 /* libPods-IgniteKitBase-IgniteKit development.a in Frameworks */ = {isa = PBXBuildFile; fileRef = 630B79CA1745AA227AFB7457 /* libPods-IgniteKitBase-IgniteKit development.a */; };
		31E43459BB41CFF59762DEB0 /* ExpoModulesProvider.swift in Sources */ = {isa = PBXBuildFile; fileRef = 4CD76AE82E6A643F4E79CC64 /* ExpoModulesProvider.swift */; };
		3A71C82587D13DB9AEE7C367 /* ExpoModulesProvider.swift in Sources */ = {isa = PBXBuildFile; fileRef = 9CD82CEC786F52216CEF5D1C /* ExpoModulesProvider.swift */; };
		3C32288C6041A82663CB85AD /* ExpoModulesProvider.swift in Sources */ = {isa = PBXBuildFile; fileRef = AE0C06CCC3846BF6B80E632F /* ExpoModulesProvider.swift */; };
		5681E2B26BB65902B9C8E870 /* ExpoModulesProvider.swift in Sources */ = {isa = PBXBuildFile; fileRef = B8AFAFABA73E8779B9B443A8 /* ExpoModulesProvider.swift */; };
		57D110476A9B297839CB46EE /* libPods-IgniteKitBase-IgniteKit production.a in Frameworks */ = {isa = PBXBuildFile; fileRef = 328904BCE082C3C031815F22 /* libPods-IgniteKitBase-IgniteKit production.a */; };
		58BDA2ED2CCF866D00DF7710 /* AppDelegate.mm in Sources */ = {isa = PBXBuildFile; fileRef = 13B07FB01A68108700A75B9A /* AppDelegate.mm */; };
		58BDA2EE2CCF866D00DF7710 /* main.m in Sources */ = {isa = PBXBuildFile; fileRef = 13B07FB71A68108700A75B9A /* main.m */; };
		58BDA2F22CCF866D00DF7710 /* LaunchScreen.storyboard in Resources */ = {isa = PBXBuildFile; fileRef = 81AB9BB72411601600AC10FF /* LaunchScreen.storyboard */; };
		58BDA2F32CCF866D00DF7710 /* Images.xcassets in Resources */ = {isa = PBXBuildFile; fileRef = 13B07FB51A68108700A75B9A /* Images.xcassets */; };
		58BDA2F42CCF866D00DF7710 /* PrivacyInfo.xcprivacy in Resources */ = {isa = PBXBuildFile; fileRef = 54FB7891804E3AB387E32E27 /* PrivacyInfo.xcprivacy */; };
		58BDA3002CCF866F00DF7710 /* AppDelegate.mm in Sources */ = {isa = PBXBuildFile; fileRef = 13B07FB01A68108700A75B9A /* AppDelegate.mm */; };
		58BDA3012CCF866F00DF7710 /* main.m in Sources */ = {isa = PBXBuildFile; fileRef = 13B07FB71A68108700A75B9A /* main.m */; };
		58BDA3052CCF866F00DF7710 /* LaunchScreen.storyboard in Resources */ = {isa = PBXBuildFile; fileRef = 81AB9BB72411601600AC10FF /* LaunchScreen.storyboard */; };
		58BDA3062CCF866F00DF7710 /* Images.xcassets in Resources */ = {isa = PBXBuildFile; fileRef = 13B07FB51A68108700A75B9A /* Images.xcassets */; };
		58BDA3072CCF866F00DF7710 /* PrivacyInfo.xcprivacy in Resources */ = {isa = PBXBuildFile; fileRef = 54FB7891804E3AB387E32E27 /* PrivacyInfo.xcprivacy */; };
		58BDA3132CCF867300DF7710 /* AppDelegate.mm in Sources */ = {isa = PBXBuildFile; fileRef = 13B07FB01A68108700A75B9A /* AppDelegate.mm */; };
		58BDA3142CCF867300DF7710 /* main.m in Sources */ = {isa = PBXBuildFile; fileRef = 13B07FB71A68108700A75B9A /* main.m */; };
		58BDA3182CCF867300DF7710 /* LaunchScreen.storyboard in Resources */ = {isa = PBXBuildFile; fileRef = 81AB9BB72411601600AC10FF /* LaunchScreen.storyboard */; };
		58BDA3192CCF867300DF7710 /* Images.xcassets in Resources */ = {isa = PBXBuildFile; fileRef = 13B07FB51A68108700A75B9A /* Images.xcassets */; };
		58BDA31A2CCF867300DF7710 /* PrivacyInfo.xcprivacy in Resources */ = {isa = PBXBuildFile; fileRef = 54FB7891804E3AB387E32E27 /* PrivacyInfo.xcprivacy */; };
		5930D4356509C740E6B534CF /* ExpoModulesProvider.swift in Sources */ = {isa = PBXBuildFile; fileRef = DE49658798B555E8F5998FB5 /* ExpoModulesProvider.swift */; };
		682895CC697802145071723D /* ExpoModulesProvider.swift in Sources */ = {isa = PBXBuildFile; fileRef = AB88EFCD6CB7B8EBF4F7A54A /* ExpoModulesProvider.swift */; };
		7FDF749B8B7C8360EEEC7159 /* libPods-IgniteKitBase-IgniteKit.a in Frameworks */ = {isa = PBXBuildFile; fileRef = 4B3DA4F46179570D871380C0 /* libPods-IgniteKitBase-IgniteKit.a */; };
		80478C55B86B495680D0AB3F /* ExpoModulesProvider.swift in Sources */ = {isa = PBXBuildFile; fileRef = 30F3FB09521F6CF9E9158FB4 /* ExpoModulesProvider.swift */; };
		81AB9BB82411601600AC10FF /* LaunchScreen.storyboard in Resources */ = {isa = PBXBuildFile; fileRef = 81AB9BB72411601600AC10FF /* LaunchScreen.storyboard */; };
		C31338DC1B6EA54222E68967 /* libPods-IgniteKitBase-IgniteKit staging.a in Frameworks */ = {isa = PBXBuildFile; fileRef = 8FD205E5FCAD58BB2B9551EB /* libPods-IgniteKitBase-IgniteKit staging.a */; };
		C999AAEC7010428F20110704 /* PrivacyInfo.xcprivacy in Resources */ = {isa = PBXBuildFile; fileRef = 54FB7891804E3AB387E32E27 /* PrivacyInfo.xcprivacy */; };
		D7189032F98ACE640D46A655 /* ExpoModulesProvider.swift in Sources */ = {isa = PBXBuildFile; fileRef = 7541B80C308EE25495031FB7 /* ExpoModulesProvider.swift */; };
		D7196B7133C0BDDFE87C815A /* ExpoModulesProvider.swift in Sources */ = {isa = PBXBuildFile; fileRef = C1AF68828A134C5E5B4CCB1C /* ExpoModulesProvider.swift */; };
		E2CECD2A748600B61DEDCCD6 /* libPods-IgniteKitBase-IgniteKitTests.a in Frameworks */ = {isa = PBXBuildFile; fileRef = 320855DFD1934BB5DBF8EF31 /* libPods-IgniteKitBase-IgniteKitTests.a */; };
/* End PBXBuildFile section */

/* Begin PBXContainerItemProxy section */
		00E356F41AD99517003FC87E /* PBXContainerItemProxy */ = {
			isa = PBXContainerItemProxy;
			containerPortal = 83CBB9F71A601CBA00E9B192 /* Project object */;
			proxyType = 1;
			remoteGlobalIDString = 13B07F861A680F5B00A75B9A;
			remoteInfo = IgniteKit;
		};
/* End PBXContainerItemProxy section */

/* Begin PBXFileReference section */
		00E356EE1AD99517003FC87E /* IgniteKitTests.xctest */ = {isa = PBXFileReference; explicitFileType = wrapper.cfbundle; includeInIndex = 0; path = IgniteKitTests.xctest; sourceTree = BUILT_PRODUCTS_DIR; };
		00E356F11AD99517003FC87E /* Info.plist */ = {isa = PBXFileReference; lastKnownFileType = text.plist.xml; path = Info.plist; sourceTree = "<group>"; };
		00E356F21AD99517003FC87E /* IgniteKitTests.m */ = {isa = PBXFileReference; lastKnownFileType = sourcecode.c.objc; path = IgniteKitTests.m; sourceTree = "<group>"; };
		01D78A3AD16B81EA9447A49C /* ExpoModulesProvider.swift */ = {isa = PBXFileReference; includeInIndex = 1; lastKnownFileType = sourcecode.swift; name = ExpoModulesProvider.swift; path = "Pods/Target Support Files/Pods-IgniteKitBase-IgniteKit/ExpoModulesProvider.swift"; sourceTree = "<group>"; };
		02D57C7064FB5DB9F9FA56D0 /* Pods-IgniteKitBase-IgniteKit staging.release.xcconfig */ = {isa = PBXFileReference; includeInIndex = 1; lastKnownFileType = text.xcconfig; name = "Pods-IgniteKitBase-IgniteKit staging.release.xcconfig"; path = "Target Support Files/Pods-IgniteKitBase-IgniteKit staging/Pods-IgniteKitBase-IgniteKit staging.release.xcconfig"; sourceTree = "<group>"; };
		09894551439D514DEFF32960 /* Pods-IgniteKitBase-IgniteKit.debug.xcconfig */ = {isa = PBXFileReference; includeInIndex = 1; lastKnownFileType = text.xcconfig; name = "Pods-IgniteKitBase-IgniteKit.debug.xcconfig"; path = "Target Support Files/Pods-IgniteKitBase-IgniteKit/Pods-IgniteKitBase-IgniteKit.debug.xcconfig"; sourceTree = "<group>"; };
		13B07F961A680F5B00A75B9A /* IgniteKit.app */ = {isa = PBXFileReference; explicitFileType = wrapper.application; includeInIndex = 0; path = IgniteKit.app; sourceTree = BUILT_PRODUCTS_DIR; };
		13B07FAF1A68108700A75B9A /* AppDelegate.h */ = {isa = PBXFileReference; fileEncoding = 4; lastKnownFileType = sourcecode.c.h; name = AppDelegate.h; path = IgniteKit/AppDelegate.h; sourceTree = "<group>"; };
		13B07FB01A68108700A75B9A /* AppDelegate.mm */ = {isa = PBXFileReference; fileEncoding = 4; lastKnownFileType = sourcecode.cpp.objcpp; name = AppDelegate.mm; path = IgniteKit/AppDelegate.mm; sourceTree = "<group>"; };
		13B07FB51A68108700A75B9A /* Images.xcassets */ = {isa = PBXFileReference; lastKnownFileType = folder.assetcatalog; name = Images.xcassets; path = IgniteKit/Images.xcassets; sourceTree = "<group>"; };
		13B07FB61A68108700A75B9A /* Info.plist */ = {isa = PBXFileReference; fileEncoding = 4; lastKnownFileType = text.plist.xml; name = Info.plist; path = IgniteKit/Info.plist; sourceTree = "<group>"; };
		13B07FB71A68108700A75B9A /* main.m */ = {isa = PBXFileReference; fileEncoding = 4; lastKnownFileType = sourcecode.c.objc; name = main.m; path = IgniteKit/main.m; sourceTree = "<group>"; };
		13B07FB81A68108700A75B9A /* PrivacyInfo.xcprivacy */ = {isa = PBXFileReference; fileEncoding = 4; lastKnownFileType = text.plist.xml; name = PrivacyInfo.xcprivacy; path = IgniteKit/PrivacyInfo.xcprivacy; sourceTree = "<group>"; };
		277FDAE1DCD4C61C5007FBF6 /* Pods-IgniteKitBase-IgniteKit production.release.xcconfig */ = {isa = PBXFileReference; includeInIndex = 1; lastKnownFileType = text.xcconfig; name = "Pods-IgniteKitBase-IgniteKit production.release.xcconfig"; path = "Target Support Files/Pods-IgniteKitBase-IgniteKit production/Pods-IgniteKitBase-IgniteKit production.release.xcconfig"; sourceTree = "<group>"; };
		30F3FB09521F6CF9E9158FB4 /* ExpoModulesProvider.swift */ = {isa = PBXFileReference; includeInIndex = 1; lastKnownFileType = sourcecode.swift; name = ExpoModulesProvider.swift; path = "Pods/Target Support Files/Pods-IgniteKitBase-IgniteKit staging/ExpoModulesProvider.swift"; sourceTree = "<group>"; };
		320855DFD1934BB5DBF8EF31 /* libPods-IgniteKitBase-IgniteKitTests.a */ = {isa = PBXFileReference; explicitFileType = archive.ar; includeInIndex = 0; path = "libPods-IgniteKitBase-IgniteKitTests.a"; sourceTree = BUILT_PRODUCTS_DIR; };
		328904BCE082C3C031815F22 /* libPods-IgniteKitBase-IgniteKit production.a */ = {isa = PBXFileReference; explicitFileType = archive.ar; includeInIndex = 0; path = "libPods-IgniteKitBase-IgniteKit production.a"; sourceTree = BUILT_PRODUCTS_DIR; };
		3B2B3F865CF3AD7DE551B1E3 /* Pods-IgniteKitBase-IgniteKit staging.debug.xcconfig */ = {isa = PBXFileReference; includeInIndex = 1; lastKnownFileType = text.xcconfig; name = "Pods-IgniteKitBase-IgniteKit staging.debug.xcconfig"; path = "Target Support Files/Pods-IgniteKitBase-IgniteKit staging/Pods-IgniteKitBase-IgniteKit staging.debug.xcconfig"; sourceTree = "<group>"; };
		4B3DA4F46179570D871380C0 /* libPods-IgniteKitBase-IgniteKit.a */ = {isa = PBXFileReference; explicitFileType = archive.ar; includeInIndex = 0; path = "libPods-IgniteKitBase-IgniteKit.a"; sourceTree = BUILT_PRODUCTS_DIR; };
		4CD76AE82E6A643F4E79CC64 /* ExpoModulesProvider.swift */ = {isa = PBXFileReference; includeInIndex = 1; lastKnownFileType = sourcecode.swift; name = ExpoModulesProvider.swift; path = "Pods/Target Support Files/Pods-IgniteKitBase-IgniteKit production/ExpoModulesProvider.swift"; sourceTree = "<group>"; };
		4D75FE1DDD2F6759891319F9 /* Pods-IgniteKitBase-IgniteKit.release.xcconfig */ = {isa = PBXFileReference; includeInIndex = 1; lastKnownFileType = text.xcconfig; name = "Pods-IgniteKitBase-IgniteKit.release.xcconfig"; path = "Target Support Files/Pods-IgniteKitBase-IgniteKit/Pods-IgniteKitBase-IgniteKit.release.xcconfig"; sourceTree = "<group>"; };
		516CFA6E4F5BEA4FA711EAEE /* Pods-IgniteKitBase-IgniteKit production.debug.xcconfig */ = {isa = PBXFileReference; includeInIndex = 1; lastKnownFileType = text.xcconfig; name = "Pods-IgniteKitBase-IgniteKit production.debug.xcconfig"; path = "Target Support Files/Pods-IgniteKitBase-IgniteKit production/Pods-IgniteKitBase-IgniteKit production.debug.xcconfig"; sourceTree = "<group>"; };
		54FB7891804E3AB387E32E27 /* PrivacyInfo.xcprivacy */ = {isa = PBXFileReference; includeInIndex = 1; lastKnownFileType = text.xml; name = PrivacyInfo.xcprivacy; path = IgniteKit/PrivacyInfo.xcprivacy; sourceTree = "<group>"; };
		58BDA2FB2CCF866D00DF7710 /* IgniteKit development.app */ = {isa = PBXFileReference; explicitFileType = wrapper.application; includeInIndex = 0; path = "IgniteKit development.app"; sourceTree = BUILT_PRODUCTS_DIR; };
		58BDA2FC2CCF866D00DF7710 /* IgniteKit development-Info.plist */ = {isa = PBXFileReference; lastKnownFileType = text.plist; name = "IgniteKit development-Info.plist"; path = "/Users/shiv/Validus-Projects/IgniteKit/ios/IgniteKit development-Info.plist"; sourceTree = "<absolute>"; };
		58BDA30E2CCF866F00DF7710 /* IgniteKit staging.app */ = {isa = PBXFileReference; explicitFileType = wrapper.application; includeInIndex = 0; path = "IgniteKit staging.app"; sourceTree = BUILT_PRODUCTS_DIR; };
		58BDA30F2CCF866F00DF7710 /* IgniteKit staging-Info.plist */ = {isa = PBXFileReference; lastKnownFileType = text.plist; name = "IgniteKit staging-Info.plist"; path = "/Users/shiv/Validus-Projects/IgniteKit/ios/IgniteKit staging-Info.plist"; sourceTree = "<absolute>"; };
		58BDA3212CCF867300DF7710 /* IgniteKit production.app */ = {isa = PBXFileReference; explicitFileType = wrapper.application; includeInIndex = 0; path = "IgniteKit production.app"; sourceTree = BUILT_PRODUCTS_DIR; };
		58BDA3222CCF867300DF7710 /* IgniteKit production-Info.plist */ = {isa = PBXFileReference; lastKnownFileType = text.plist; name = "IgniteKit production-Info.plist"; path = "/Users/shiv/Validus-Projects/IgniteKit/ios/IgniteKit production-Info.plist"; sourceTree = "<absolute>"; };
		630B79CA1745AA227AFB7457 /* libPods-IgniteKitBase-IgniteKit development.a */ = {isa = PBXFileReference; explicitFileType = archive.ar; includeInIndex = 0; path = "libPods-IgniteKitBase-IgniteKit development.a"; sourceTree = BUILT_PRODUCTS_DIR; };
		7541B80C308EE25495031FB7 /* ExpoModulesProvider.swift */ = {isa = PBXFileReference; includeInIndex = 1; lastKnownFileType = sourcecode.swift; name = ExpoModulesProvider.swift; path = "Pods/Target Support Files/Pods-IgniteKitBase-IgniteKitTests/ExpoModulesProvider.swift"; sourceTree = "<group>"; };
		81AB9BB72411601600AC10FF /* LaunchScreen.storyboard */ = {isa = PBXFileReference; fileEncoding = 4; lastKnownFileType = file.storyboard; name = LaunchScreen.storyboard; path = IgniteKit/LaunchScreen.storyboard; sourceTree = "<group>"; };
		8FD205E5FCAD58BB2B9551EB /* libPods-IgniteKitBase-IgniteKit staging.a */ = {isa = PBXFileReference; explicitFileType = archive.ar; includeInIndex = 0; path = "libPods-IgniteKitBase-IgniteKit staging.a"; sourceTree = BUILT_PRODUCTS_DIR; };
		9AF020389298AEC88B288A58 /* Pods-IgniteKitBase-IgniteKit development.debug.xcconfig */ = {isa = PBXFileReference; includeInIndex = 1; lastKnownFileType = text.xcconfig; name = "Pods-IgniteKitBase-IgniteKit development.debug.xcconfig"; path = "Target Support Files/Pods-IgniteKitBase-IgniteKit development/Pods-IgniteKitBase-IgniteKit development.debug.xcconfig"; sourceTree = "<group>"; };
		9CD82CEC786F52216CEF5D1C /* ExpoModulesProvider.swift */ = {isa = PBXFileReference; includeInIndex = 1; lastKnownFileType = sourcecode.swift; name = ExpoModulesProvider.swift; path = "Pods/Target Support Files/Pods-IgniteKitBase-IgniteKit staging/ExpoModulesProvider.swift"; sourceTree = "<group>"; };
		AB88EFCD6CB7B8EBF4F7A54A /* ExpoModulesProvider.swift */ = {isa = PBXFileReference; includeInIndex = 1; lastKnownFileType = sourcecode.swift; name = ExpoModulesProvider.swift; path = "Pods/Target Support Files/Pods-IgniteKitBase-IgniteKitTests/ExpoModulesProvider.swift"; sourceTree = "<group>"; };
		AE0C06CCC3846BF6B80E632F /* ExpoModulesProvider.swift */ = {isa = PBXFileReference; includeInIndex = 1; lastKnownFileType = sourcecode.swift; name = ExpoModulesProvider.swift; path = "Pods/Target Support Files/Pods-IgniteKitBase-IgniteKit development/ExpoModulesProvider.swift"; sourceTree = "<group>"; };
		B8AFAFABA73E8779B9B443A8 /* ExpoModulesProvider.swift */ = {isa = PBXFileReference; includeInIndex = 1; lastKnownFileType = sourcecode.swift; name = ExpoModulesProvider.swift; path = "Pods/Target Support Files/Pods-IgniteKitBase-IgniteKit/ExpoModulesProvider.swift"; sourceTree = "<group>"; };
		C1AF68828A134C5E5B4CCB1C /* ExpoModulesProvider.swift */ = {isa = PBXFileReference; includeInIndex = 1; lastKnownFileType = sourcecode.swift; name = ExpoModulesProvider.swift; path = "Pods/Target Support Files/Pods-IgniteKitBase-IgniteKit development/ExpoModulesProvider.swift"; sourceTree = "<group>"; };
		CD5D6BA0693B490E3843D1E4 /* Pods-IgniteKitBase-IgniteKitTests.release.xcconfig */ = {isa = PBXFileReference; includeInIndex = 1; lastKnownFileType = text.xcconfig; name = "Pods-IgniteKitBase-IgniteKitTests.release.xcconfig"; path = "Target Support Files/Pods-IgniteKitBase-IgniteKitTests/Pods-IgniteKitBase-IgniteKitTests.release.xcconfig"; sourceTree = "<group>"; };
		CF59F202403A750F79E11947 /* Pods-IgniteKitBase-IgniteKit development.release.xcconfig */ = {isa = PBXFileReference; includeInIndex = 1; lastKnownFileType = text.xcconfig; name = "Pods-IgniteKitBase-IgniteKit development.release.xcconfig"; path = "Target Support Files/Pods-IgniteKitBase-IgniteKit development/Pods-IgniteKitBase-IgniteKit development.release.xcconfig"; sourceTree = "<group>"; };
		D5C0D26409D3704778E8B525 /* Pods-IgniteKitBase-IgniteKitTests.debug.xcconfig */ = {isa = PBXFileReference; includeInIndex = 1; lastKnownFileType = text.xcconfig; name = "Pods-IgniteKitBase-IgniteKitTests.debug.xcconfig"; path = "Target Support Files/Pods-IgniteKitBase-IgniteKitTests/Pods-IgniteKitBase-IgniteKitTests.debug.xcconfig"; sourceTree = "<group>"; };
		DE49658798B555E8F5998FB5 /* ExpoModulesProvider.swift */ = {isa = PBXFileReference; includeInIndex = 1; lastKnownFileType = sourcecode.swift; name = ExpoModulesProvider.swift; path = "Pods/Target Support Files/Pods-IgniteKitBase-IgniteKit production/ExpoModulesProvider.swift"; sourceTree = "<group>"; };
		ED297162215061F000B7C4FE /* JavaScriptCore.framework */ = {isa = PBXFileReference; lastKnownFileType = wrapper.framework; name = JavaScriptCore.framework; path = System/Library/Frameworks/JavaScriptCore.framework; sourceTree = SDKROOT; };
/* End PBXFileReference section */

/* Begin PBXFrameworksBuildPhase section */
		00E356EB1AD99517003FC87E /* Frameworks */ = {
			isa = PBXFrameworksBuildPhase;
			buildActionMask = 2147483647;
			files = (
				E2CECD2A748600B61DEDCCD6 /* libPods-IgniteKitBase-IgniteKitTests.a in Frameworks */,
			);
			runOnlyForDeploymentPostprocessing = 0;
		};
		13B07F8C1A680F5B00A75B9A /* Frameworks */ = {
			isa = PBXFrameworksBuildPhase;
			buildActionMask = 2147483647;
			files = (
				7FDF749B8B7C8360EEEC7159 /* libPods-IgniteKitBase-IgniteKit.a in Frameworks */,
			);
			runOnlyForDeploymentPostprocessing = 0;
		};
		58BDA2EF2CCF866D00DF7710 /* Frameworks */ = {
			isa = PBXFrameworksBuildPhase;
			buildActionMask = 2147483647;
			files = (
				28904B41ABDB174C9EBC5398 /* libPods-IgniteKitBase-IgniteKit development.a in Frameworks */,
			);
			runOnlyForDeploymentPostprocessing = 0;
		};
		58BDA3022CCF866F00DF7710 /* Frameworks */ = {
			isa = PBXFrameworksBuildPhase;
			buildActionMask = 2147483647;
			files = (
				C31338DC1B6EA54222E68967 /* libPods-IgniteKitBase-IgniteKit staging.a in Frameworks */,
			);
			runOnlyForDeploymentPostprocessing = 0;
		};
		58BDA3152CCF867300DF7710 /* Frameworks */ = {
			isa = PBXFrameworksBuildPhase;
			buildActionMask = 2147483647;
			files = (
				57D110476A9B297839CB46EE /* libPods-IgniteKitBase-IgniteKit production.a in Frameworks */,
			);
			runOnlyForDeploymentPostprocessing = 0;
		};
/* End PBXFrameworksBuildPhase section */

/* Begin PBXGroup section */
		00E356EF1AD99517003FC87E /* IgniteKitTests */ = {
			isa = PBXGroup;
			children = (
				00E356F21AD99517003FC87E /* IgniteKitTests.m */,
				00E356F01AD99517003FC87E /* Supporting Files */,
			);
			path = IgniteKitTests;
			sourceTree = "<group>";
		};
		00E356F01AD99517003FC87E /* Supporting Files */ = {
			isa = PBXGroup;
			children = (
				00E356F11AD99517003FC87E /* Info.plist */,
			);
			name = "Supporting Files";
			sourceTree = "<group>";
		};
		13B07FAE1A68108700A75B9A /* IgniteKit */ = {
			isa = PBXGroup;
			children = (
				13B07FAF1A68108700A75B9A /* AppDelegate.h */,
				13B07FB01A68108700A75B9A /* AppDelegate.mm */,
				13B07FB51A68108700A75B9A /* Images.xcassets */,
				13B07FB61A68108700A75B9A /* Info.plist */,
				81AB9BB72411601600AC10FF /* LaunchScreen.storyboard */,
				13B07FB71A68108700A75B9A /* main.m */,
				13B07FB81A68108700A75B9A /* PrivacyInfo.xcprivacy */,
				54FB7891804E3AB387E32E27 /* PrivacyInfo.xcprivacy */,
			);
			name = IgniteKit;
			sourceTree = "<group>";
		};
		2D16E6871FA4F8E400B85C8A /* Frameworks */ = {
			isa = PBXGroup;
			children = (
				ED297162215061F000B7C4FE /* JavaScriptCore.framework */,
				4B3DA4F46179570D871380C0 /* libPods-IgniteKitBase-IgniteKit.a */,
				630B79CA1745AA227AFB7457 /* libPods-IgniteKitBase-IgniteKit development.a */,
				328904BCE082C3C031815F22 /* libPods-IgniteKitBase-IgniteKit production.a */,
				8FD205E5FCAD58BB2B9551EB /* libPods-IgniteKitBase-IgniteKit staging.a */,
				320855DFD1934BB5DBF8EF31 /* libPods-IgniteKitBase-IgniteKitTests.a */,
			);
			name = Frameworks;
			sourceTree = "<group>";
		};
		34A610D461F70CC88E152EF8 /* IgniteKitTests */ = {
			isa = PBXGroup;
			children = (
				7541B80C308EE25495031FB7 /* ExpoModulesProvider.swift */,
				AB88EFCD6CB7B8EBF4F7A54A /* ExpoModulesProvider.swift */,
			);
			name = IgniteKitTests;
			sourceTree = "<group>";
		};
		40397D6AF68B896917557545 /* IgniteKit staging */ = {
			isa = PBXGroup;
			children = (
				9CD82CEC786F52216CEF5D1C /* ExpoModulesProvider.swift */,
				30F3FB09521F6CF9E9158FB4 /* ExpoModulesProvider.swift */,
			);
			name = "IgniteKit staging";
			sourceTree = "<group>";
		};
		57435D03A38F51B53F63ED51 /* IgniteKit */ = {
			isa = PBXGroup;
			children = (
				01D78A3AD16B81EA9447A49C /* ExpoModulesProvider.swift */,
				B8AFAFABA73E8779B9B443A8 /* ExpoModulesProvider.swift */,
			);
			name = IgniteKit;
			sourceTree = "<group>";
		};
		704F6ADEC81365DE10028EDB /* IgniteKit development */ = {
			isa = PBXGroup;
			children = (
				C1AF68828A134C5E5B4CCB1C /* ExpoModulesProvider.swift */,
				AE0C06CCC3846BF6B80E632F /* ExpoModulesProvider.swift */,
			);
			name = "IgniteKit development";
			sourceTree = "<group>";
		};
		832341AE1AAA6A7D00B99B32 /* Libraries */ = {
			isa = PBXGroup;
			children = (
			);
			name = Libraries;
			sourceTree = "<group>";
		};
		83CBB9F61A601CBA00E9B192 = {
			isa = PBXGroup;
			children = (
				13B07FAE1A68108700A75B9A /* IgniteKit */,
				832341AE1AAA6A7D00B99B32 /* Libraries */,
				00E356EF1AD99517003FC87E /* IgniteKitTests */,
				83CBBA001A601CBA00E9B192 /* Products */,
				2D16E6871FA4F8E400B85C8A /* Frameworks */,
				BBD78D7AC51CEA395F1C20DB /* Pods */,
				58BDA2FC2CCF866D00DF7710 /* IgniteKit development-Info.plist */,
				58BDA30F2CCF866F00DF7710 /* IgniteKit staging-Info.plist */,
				58BDA3222CCF867300DF7710 /* IgniteKit production-Info.plist */,
				F6EE37E6AB199063A8D95585 /* ExpoModulesProviders */,
			);
			indentWidth = 2;
			sourceTree = "<group>";
			tabWidth = 2;
			usesTabs = 0;
		};
		83CBBA001A601CBA00E9B192 /* Products */ = {
			isa = PBXGroup;
			children = (
				13B07F961A680F5B00A75B9A /* IgniteKit.app */,
				00E356EE1AD99517003FC87E /* IgniteKitTests.xctest */,
				58BDA2FB2CCF866D00DF7710 /* IgniteKit development.app */,
				58BDA30E2CCF866F00DF7710 /* IgniteKit staging.app */,
				58BDA3212CCF867300DF7710 /* IgniteKit production.app */,
			);
			name = Products;
			sourceTree = "<group>";
		};
		A037B5E898579CDF1EEB4557 /* IgniteKit production */ = {
			isa = PBXGroup;
			children = (
				4CD76AE82E6A643F4E79CC64 /* ExpoModulesProvider.swift */,
				DE49658798B555E8F5998FB5 /* ExpoModulesProvider.swift */,
			);
			name = "IgniteKit production";
			sourceTree = "<group>";
		};
		BBD78D7AC51CEA395F1C20DB /* Pods */ = {
			isa = PBXGroup;
			children = (
				09894551439D514DEFF32960 /* Pods-IgniteKitBase-IgniteKit.debug.xcconfig */,
				4D75FE1DDD2F6759891319F9 /* Pods-IgniteKitBase-IgniteKit.release.xcconfig */,
				9AF020389298AEC88B288A58 /* Pods-IgniteKitBase-IgniteKit development.debug.xcconfig */,
				CF59F202403A750F79E11947 /* Pods-IgniteKitBase-IgniteKit development.release.xcconfig */,
				516CFA6E4F5BEA4FA711EAEE /* Pods-IgniteKitBase-IgniteKit production.debug.xcconfig */,
				277FDAE1DCD4C61C5007FBF6 /* Pods-IgniteKitBase-IgniteKit production.release.xcconfig */,
				3B2B3F865CF3AD7DE551B1E3 /* Pods-IgniteKitBase-IgniteKit staging.debug.xcconfig */,
				02D57C7064FB5DB9F9FA56D0 /* Pods-IgniteKitBase-IgniteKit staging.release.xcconfig */,
				D5C0D26409D3704778E8B525 /* Pods-IgniteKitBase-IgniteKitTests.debug.xcconfig */,
				CD5D6BA0693B490E3843D1E4 /* Pods-IgniteKitBase-IgniteKitTests.release.xcconfig */,
			);
			path = Pods;
			sourceTree = "<group>";
		};
		F6EE37E6AB199063A8D95585 /* ExpoModulesProviders */ = {
			isa = PBXGroup;
			children = (
				57435D03A38F51B53F63ED51 /* IgniteKit */,
				704F6ADEC81365DE10028EDB /* IgniteKit development */,
				A037B5E898579CDF1EEB4557 /* IgniteKit production */,
				40397D6AF68B896917557545 /* IgniteKit staging */,
				34A610D461F70CC88E152EF8 /* IgniteKitTests */,
			);
			name = ExpoModulesProviders;
			sourceTree = "<group>";
		};
/* End PBXGroup section */

/* Begin PBXNativeTarget section */
		00E356ED1AD99517003FC87E /* IgniteKitTests */ = {
			isa = PBXNativeTarget;
			buildConfigurationList = 00E357021AD99517003FC87E /* Build configuration list for PBXNativeTarget "IgniteKitTests" */;
			buildPhases = (
				8288039AE02DE5D9BBD8B413 /* [CP] Check Pods Manifest.lock */,
				F087609603D528D191A8DB3B /* [Expo] Configure project */,
				00E356EA1AD99517003FC87E /* Sources */,
				00E356EB1AD99517003FC87E /* Frameworks */,
				00E356EC1AD99517003FC87E /* Resources */,
				C27403DAE051F2D890D4D58B /* [CP] Embed Pods Frameworks */,
				10D8852B896D2E5B5F2B30F5 /* [CP] Copy Pods Resources */,
			);
			buildRules = (
			);
			dependencies = (
				00E356F51AD99517003FC87E /* PBXTargetDependency */,
			);
			name = IgniteKitTests;
			productName = IgniteKitTests;
			productReference = 00E356EE1AD99517003FC87E /* IgniteKitTests.xctest */;
			productType = "com.apple.product-type.bundle.unit-test";
		};
		13B07F861A680F5B00A75B9A /* IgniteKit */ = {
			isa = PBXNativeTarget;
			buildConfigurationList = 13B07F931A680F5B00A75B9A /* Build configuration list for PBXNativeTarget "IgniteKit" */;
			buildPhases = (
				6D14A1C3C87B9332D9FC2A81 /* [CP] Check Pods Manifest.lock */,
				19D8CC234A9C0A39F13F2AF4 /* [Expo] Configure project */,
				13B07F871A680F5B00A75B9A /* Sources */,
				13B07F8C1A680F5B00A75B9A /* Frameworks */,
				13B07F8E1A680F5B00A75B9A /* Resources */,
				00DD1BFF1BD5951E006B06BC /* Bundle React Native code and images */,
				E7C9ADAE3B026A428A6A2163 /* [CP] Embed Pods Frameworks */,
				079F27EA451502E71B1576BB /* [CP] Copy Pods Resources */,
			);
			buildRules = (
			);
			dependencies = (
			);
			name = IgniteKit;
			productName = IgniteKit;
			productReference = 13B07F961A680F5B00A75B9A /* IgniteKit.app */;
			productType = "com.apple.product-type.application";
		};
		58BDA2EA2CCF866D00DF7710 /* IgniteKit development */ = {
			isa = PBXNativeTarget;
			buildConfigurationList = 58BDA2F82CCF866D00DF7710 /* Build configuration list for PBXNativeTarget "IgniteKit development" */;
			buildPhases = (
				D52DB2285EC70DB6C66278F6 /* [CP] Check Pods Manifest.lock */,
				0E6B4B152FD35D7F86FC2A41 /* [Expo] Configure project */,
				58BDA2EC2CCF866D00DF7710 /* Sources */,
				58BDA2EF2CCF866D00DF7710 /* Frameworks */,
				58BDA2F12CCF866D00DF7710 /* Resources */,
				58BDA2F52CCF866D00DF7710 /* Bundle React Native code and images */,
				C125031F9DFF09212ED3F151 /* [CP] Embed Pods Frameworks */,
				35BAAF89DF45AC034313CE19 /* [CP] Copy Pods Resources */,
			);
			buildRules = (
			);
			dependencies = (
			);
			name = "IgniteKit development";
			productName = IgniteKit;
			productReference = 58BDA2FB2CCF866D00DF7710 /* IgniteKit development.app */;
			productType = "com.apple.product-type.application";
		};
		58BDA2FD2CCF866F00DF7710 /* IgniteKit staging */ = {
			isa = PBXNativeTarget;
			buildConfigurationList = 58BDA30B2CCF866F00DF7710 /* Build configuration list for PBXNativeTarget "IgniteKit staging" */;
			buildPhases = (
				02B19D1B8F82BBD401426D74 /* [CP] Check Pods Manifest.lock */,
				3DFE0752D84C5F8979FCD126 /* [Expo] Configure project */,
				58BDA2FF2CCF866F00DF7710 /* Sources */,
				58BDA3022CCF866F00DF7710 /* Frameworks */,
				58BDA3042CCF866F00DF7710 /* Resources */,
				58BDA3082CCF866F00DF7710 /* Bundle React Native code and images */,
				416924AB5FF032F4F348446A /* [CP] Embed Pods Frameworks */,
				A5D6540627182A713DF777AC /* [CP] Copy Pods Resources */,
			);
			buildRules = (
			);
			dependencies = (
			);
			name = "IgniteKit staging";
			productName = IgniteKit;
			productReference = 58BDA30E2CCF866F00DF7710 /* IgniteKit staging.app */;
			productType = "com.apple.product-type.application";
		};
		58BDA3102CCF867300DF7710 /* IgniteKit production */ = {
			isa = PBXNativeTarget;
			buildConfigurationList = 58BDA31E2CCF867300DF7710 /* Build configuration list for PBXNativeTarget "IgniteKit production" */;
			buildPhases = (
				6B1D606339A0D919B7564193 /* [CP] Check Pods Manifest.lock */,
				B9B8D36E0D7C2BEBD5E03AAF /* [Expo] Configure project */,
				58BDA3122CCF867300DF7710 /* Sources */,
				58BDA3152CCF867300DF7710 /* Frameworks */,
				58BDA3172CCF867300DF7710 /* Resources */,
				58BDA31B2CCF867300DF7710 /* Bundle React Native code and images */,
				A1CE5FD8F4200625997CC7BF /* [CP] Embed Pods Frameworks */,
				D25B0844A30B3B28C416E52C /* [CP] Copy Pods Resources */,
			);
			buildRules = (
			);
			dependencies = (
			);
			name = "IgniteKit production";
			productName = IgniteKit;
			productReference = 58BDA3212CCF867300DF7710 /* IgniteKit production.app */;
			productType = "com.apple.product-type.application";
		};
/* End PBXNativeTarget section */

/* Begin PBXProject section */
		83CBB9F71A601CBA00E9B192 /* Project object */ = {
			isa = PBXProject;
			attributes = {
				LastUpgradeCheck = 1210;
				TargetAttributes = {
					00E356ED1AD99517003FC87E = {
						CreatedOnToolsVersion = 6.2;
						TestTargetID = 13B07F861A680F5B00A75B9A;
					};
					13B07F861A680F5B00A75B9A = {
						LastSwiftMigration = 1120;
					};
				};
			};
			buildConfigurationList = 83CBB9FA1A601CBA00E9B192 /* Build configuration list for PBXProject "IgniteKit" */;
			compatibilityVersion = "Xcode 12.0";
			developmentRegion = en;
			hasScannedForEncodings = 0;
			knownRegions = (
				en,
				Base,
			);
			mainGroup = 83CBB9F61A601CBA00E9B192;
			productRefGroup = 83CBBA001A601CBA00E9B192 /* Products */;
			projectDirPath = "";
			projectRoot = "";
			targets = (
				13B07F861A680F5B00A75B9A /* IgniteKit */,
				00E356ED1AD99517003FC87E /* IgniteKitTests */,
				58BDA2EA2CCF866D00DF7710 /* IgniteKit development */,
				58BDA2FD2CCF866F00DF7710 /* IgniteKit staging */,
				58BDA3102CCF867300DF7710 /* IgniteKit production */,
			);
		};
/* End PBXProject section */

/* Begin PBXResourcesBuildPhase section */
		00E356EC1AD99517003FC87E /* Resources */ = {
			isa = PBXResourcesBuildPhase;
			buildActionMask = 2147483647;
			files = (
			);
			runOnlyForDeploymentPostprocessing = 0;
		};
		13B07F8E1A680F5B00A75B9A /* Resources */ = {
			isa = PBXResourcesBuildPhase;
			buildActionMask = 2147483647;
			files = (
				81AB9BB82411601600AC10FF /* LaunchScreen.storyboard in Resources */,
				13B07FBF1A68108700A75B9A /* Images.xcassets in Resources */,
				C999AAEC7010428F20110704 /* PrivacyInfo.xcprivacy in Resources */,
			);
			runOnlyForDeploymentPostprocessing = 0;
		};
		58BDA2F12CCF866D00DF7710 /* Resources */ = {
			isa = PBXResourcesBuildPhase;
			buildActionMask = 2147483647;
			files = (
				58BDA2F22CCF866D00DF7710 /* LaunchScreen.storyboard in Resources */,
				58BDA2F32CCF866D00DF7710 /* Images.xcassets in Resources */,
				58BDA2F42CCF866D00DF7710 /* PrivacyInfo.xcprivacy in Resources */,
			);
			runOnlyForDeploymentPostprocessing = 0;
		};
		58BDA3042CCF866F00DF7710 /* Resources */ = {
			isa = PBXResourcesBuildPhase;
			buildActionMask = 2147483647;
			files = (
				58BDA3052CCF866F00DF7710 /* LaunchScreen.storyboard in Resources */,
				58BDA3062CCF866F00DF7710 /* Images.xcassets in Resources */,
				58BDA3072CCF866F00DF7710 /* PrivacyInfo.xcprivacy in Resources */,
			);
			runOnlyForDeploymentPostprocessing = 0;
		};
		58BDA3172CCF867300DF7710 /* Resources */ = {
			isa = PBXResourcesBuildPhase;
			buildActionMask = 2147483647;
			files = (
				58BDA3182CCF867300DF7710 /* LaunchScreen.storyboard in Resources */,
				58BDA3192CCF867300DF7710 /* Images.xcassets in Resources */,
				58BDA31A2CCF867300DF7710 /* PrivacyInfo.xcprivacy in Resources */,
			);
			runOnlyForDeploymentPostprocessing = 0;
		};
/* End PBXResourcesBuildPhase section */

/* Begin PBXShellScriptBuildPhase section */
		00DD1BFF1BD5951E006B06BC /* Bundle React Native code and images */ = {
			isa = PBXShellScriptBuildPhase;
			buildActionMask = 2147483647;
			files = (
			);
			inputPaths = (
				"$(SRCROOT)/.xcode.env.local",
				"$(SRCROOT)/.xcode.env",
			);
			name = "Bundle React Native code and images";
			outputPaths = (
			);
			runOnlyForDeploymentPostprocessing = 0;
			shellPath = /bin/sh;
			shellScript = "if [[ -f \"$PODS_ROOT/../.xcode.env\" ]]; then\n  source \"$PODS_ROOT/../.xcode.env\"\nfi\nif [[ -f \"$PODS_ROOT/../.xcode.env.local\" ]]; then\n  source \"$PODS_ROOT/../.xcode.env.local\"\nfi\n\n# The project root by default is one level up from the ios directory\nexport PROJECT_ROOT=\"$PROJECT_DIR\"/..\n\nif [[ \"$CONFIGURATION\" = *Debug* ]]; then\n  export SKIP_BUNDLING=1\nfi\nif [[ -z \"$ENTRY_FILE\" ]]; then\n  # Set the entry JS file using the bundler's entry resolution.\n  export ENTRY_FILE=\"$(\"$NODE_BINARY\" -e \"require('expo/scripts/resolveAppEntry')\" \"$PROJECT_ROOT\" ios absolute | tail -n 1)\"\nfi\n\nif [[ -z \"$CLI_PATH\" ]]; then\n  # Use Expo CLI\n  export CLI_PATH=\"$(\"$NODE_BINARY\" --print \"require.resolve('@expo/cli')\")\"\nfi\nif [[ -z \"$BUNDLE_COMMAND\" ]]; then\n  # Default Expo CLI command for bundling\n  export BUNDLE_COMMAND=\"export:embed\"\nfi\n\n`\"$NODE_BINARY\" --print \"require('path').dirname(require.resolve('react-native/package.json')) + '/scripts/react-native-xcode.sh'\"`\n";
		};
		02B19D1B8F82BBD401426D74 /* [CP] Check Pods Manifest.lock */ = {
			isa = PBXShellScriptBuildPhase;
			buildActionMask = 2147483647;
			files = (
			);
			inputFileListPaths = (
			);
			inputPaths = (
				"${PODS_PODFILE_DIR_PATH}/Podfile.lock",
				"${PODS_ROOT}/Manifest.lock",
			);
			name = "[CP] Check Pods Manifest.lock";
			outputFileListPaths = (
			);
			outputPaths = (
				"$(DERIVED_FILE_DIR)/Pods-IgniteKitBase-IgniteKit staging-checkManifestLockResult.txt",
			);
			runOnlyForDeploymentPostprocessing = 0;
			shellPath = /bin/sh;
			shellScript = "diff \"${PODS_PODFILE_DIR_PATH}/Podfile.lock\" \"${PODS_ROOT}/Manifest.lock\" > /dev/null\nif [ $? != 0 ] ; then\n    # print error to STDERR\n    echo \"error: The sandbox is not in sync with the Podfile.lock. Run 'pod install' or update your CocoaPods installation.\" >&2\n    exit 1\nfi\n# This output is used by Xcode 'outputs' to avoid re-running this script phase.\necho \"SUCCESS\" > \"${SCRIPT_OUTPUT_FILE_0}\"\n";
			showEnvVarsInLog = 0;
		};
		079F27EA451502E71B1576BB /* [CP] Copy Pods Resources */ = {
			isa = PBXShellScriptBuildPhase;
			buildActionMask = 2147483647;
			files = (
			);
			inputFileListPaths = (
				"${PODS_ROOT}/Target Support Files/Pods-IgniteKitBase-IgniteKit/Pods-IgniteKitBase-IgniteKit-resources-${CONFIGURATION}-input-files.xcfilelist",
			);
			name = "[CP] Copy Pods Resources";
			outputFileListPaths = (
				"${PODS_ROOT}/Target Support Files/Pods-IgniteKitBase-IgniteKit/Pods-IgniteKitBase-IgniteKit-resources-${CONFIGURATION}-output-files.xcfilelist",
			);
			runOnlyForDeploymentPostprocessing = 0;
			shellPath = /bin/sh;
			shellScript = "\"${PODS_ROOT}/Target Support Files/Pods-IgniteKitBase-IgniteKit/Pods-IgniteKitBase-IgniteKit-resources.sh\"\n";
			showEnvVarsInLog = 0;
		};
		0E6B4B152FD35D7F86FC2A41 /* [Expo] Configure project */ = {
			isa = PBXShellScriptBuildPhase;
			alwaysOutOfDate = 1;
			buildActionMask = 2147483647;
			files = (
			);
			inputFileListPaths = (
			);
			inputPaths = (
			);
			name = "[Expo] Configure project";
			outputFileListPaths = (
			);
			outputPaths = (
			);
			runOnlyForDeploymentPostprocessing = 0;
			shellPath = /bin/sh;
			shellScript = "# This script configures Expo modules and generates the modules provider file.\nbash -l -c \"./Pods/Target\\ Support\\ Files/Pods-IgniteKitBase-IgniteKit\\ development/expo-configure-project.sh\"\n";
		};
		10D8852B896D2E5B5F2B30F5 /* [CP] Copy Pods Resources */ = {
			isa = PBXShellScriptBuildPhase;
			buildActionMask = 2147483647;
			files = (
			);
			inputFileListPaths = (
				"${PODS_ROOT}/Target Support Files/Pods-IgniteKitBase-IgniteKitTests/Pods-IgniteKitBase-IgniteKitTests-resources-${CONFIGURATION}-input-files.xcfilelist",
			);
			name = "[CP] Copy Pods Resources";
			outputFileListPaths = (
				"${PODS_ROOT}/Target Support Files/Pods-IgniteKitBase-IgniteKitTests/Pods-IgniteKitBase-IgniteKitTests-resources-${CONFIGURATION}-output-files.xcfilelist",
			);
			runOnlyForDeploymentPostprocessing = 0;
			shellPath = /bin/sh;
			shellScript = "\"${PODS_ROOT}/Target Support Files/Pods-IgniteKitBase-IgniteKitTests/Pods-IgniteKitBase-IgniteKitTests-resources.sh\"\n";
			showEnvVarsInLog = 0;
		};
		19D8CC234A9C0A39F13F2AF4 /* [Expo] Configure project */ = {
			isa = PBXShellScriptBuildPhase;
			alwaysOutOfDate = 1;
			buildActionMask = 2147483647;
			files = (
			);
			inputFileListPaths = (
			);
			inputPaths = (
			);
			name = "[Expo] Configure project";
			outputFileListPaths = (
			);
			outputPaths = (
			);
			runOnlyForDeploymentPostprocessing = 0;
			shellPath = /bin/sh;
			shellScript = "# This script configures Expo modules and generates the modules provider file.\nbash -l -c \"./Pods/Target\\ Support\\ Files/Pods-IgniteKitBase-IgniteKit/expo-configure-project.sh\"\n";
		};
		35BAAF89DF45AC034313CE19 /* [CP] Copy Pods Resources */ = {
			isa = PBXShellScriptBuildPhase;
			buildActionMask = 2147483647;
			files = (
			);
			inputFileListPaths = (
				"${PODS_ROOT}/Target Support Files/Pods-IgniteKitBase-IgniteKit development/Pods-IgniteKitBase-IgniteKit development-resources-${CONFIGURATION}-input-files.xcfilelist",
			);
			name = "[CP] Copy Pods Resources";
			outputFileListPaths = (
				"${PODS_ROOT}/Target Support Files/Pods-IgniteKitBase-IgniteKit development/Pods-IgniteKitBase-IgniteKit development-resources-${CONFIGURATION}-output-files.xcfilelist",
			);
			runOnlyForDeploymentPostprocessing = 0;
			shellPath = /bin/sh;
			shellScript = "\"${PODS_ROOT}/Target Support Files/Pods-IgniteKitBase-IgniteKit development/Pods-IgniteKitBase-IgniteKit development-resources.sh\"\n";
			showEnvVarsInLog = 0;
		};
		3DFE0752D84C5F8979FCD126 /* [Expo] Configure project */ = {
			isa = PBXShellScriptBuildPhase;
			alwaysOutOfDate = 1;
			buildActionMask = 2147483647;
			files = (
			);
			inputFileListPaths = (
			);
			inputPaths = (
			);
			name = "[Expo] Configure project";
			outputFileListPaths = (
			);
			outputPaths = (
			);
			runOnlyForDeploymentPostprocessing = 0;
			shellPath = /bin/sh;
			shellScript = "# This script configures Expo modules and generates the modules provider file.\nbash -l -c \"./Pods/Target\\ Support\\ Files/Pods-IgniteKitBase-IgniteKit\\ staging/expo-configure-project.sh\"\n";
		};
		416924AB5FF032F4F348446A /* [CP] Embed Pods Frameworks */ = {
			isa = PBXShellScriptBuildPhase;
			buildActionMask = 2147483647;
			files = (
			);
			inputFileListPaths = (
				"${PODS_ROOT}/Target Support Files/Pods-IgniteKitBase-IgniteKit staging/Pods-IgniteKitBase-IgniteKit staging-frameworks-${CONFIGURATION}-input-files.xcfilelist",
			);
			name = "[CP] Embed Pods Frameworks";
			outputFileListPaths = (
				"${PODS_ROOT}/Target Support Files/Pods-IgniteKitBase-IgniteKit staging/Pods-IgniteKitBase-IgniteKit staging-frameworks-${CONFIGURATION}-output-files.xcfilelist",
			);
			runOnlyForDeploymentPostprocessing = 0;
			shellPath = /bin/sh;
			shellScript = "\"${PODS_ROOT}/Target Support Files/Pods-IgniteKitBase-IgniteKit staging/Pods-IgniteKitBase-IgniteKit staging-frameworks.sh\"\n";
			showEnvVarsInLog = 0;
		};
		58BDA2F52CCF866D00DF7710 /* Bundle React Native code and images */ = {
			isa = PBXShellScriptBuildPhase;
			buildActionMask = 2147483647;
			files = (
			);
			inputPaths = (
				"$(SRCROOT)/.xcode.env.local",
				"$(SRCROOT)/.xcode.env",
			);
			name = "Bundle React Native code and images";
			outputPaths = (
			);
			runOnlyForDeploymentPostprocessing = 0;
			shellPath = /bin/sh;
			shellScript = "if [[ -f \"$PODS_ROOT/../.xcode.env\" ]]; then\n  source \"$PODS_ROOT/../.xcode.env\"\nfi\nif [[ -f \"$PODS_ROOT/../.xcode.env.local\" ]]; then\n  source \"$PODS_ROOT/../.xcode.env.local\"\nfi\n\n# The project root by default is one level up from the ios directory\nexport PROJECT_ROOT=\"$PROJECT_DIR\"/..\n\nif [[ \"$CONFIGURATION\" = *Debug* ]]; then\n  export SKIP_BUNDLING=1\nfi\nif [[ -z \"$ENTRY_FILE\" ]]; then\n  # Set the entry JS file using the bundler's entry resolution.\n  export ENTRY_FILE=\"$(\"$NODE_BINARY\" -e \"require('expo/scripts/resolveAppEntry')\" \"$PROJECT_ROOT\" ios absolute | tail -n 1)\"\nfi\n\nif [[ -z \"$CLI_PATH\" ]]; then\n  # Use Expo CLI\n  export CLI_PATH=\"$(\"$NODE_BINARY\" --print \"require.resolve('@expo/cli')\")\"\nfi\nif [[ -z \"$BUNDLE_COMMAND\" ]]; then\n  # Default Expo CLI command for bundling\n  export BUNDLE_COMMAND=\"export:embed\"\nfi\n\n`\"$NODE_BINARY\" --print \"require('path').dirname(require.resolve('react-native/package.json')) + '/scripts/react-native-xcode.sh'\"`\n";
		};
		58BDA3082CCF866F00DF7710 /* Bundle React Native code and images */ = {
			isa = PBXShellScriptBuildPhase;
			buildActionMask = 2147483647;
			files = (
			);
			inputPaths = (
				"$(SRCROOT)/.xcode.env.local",
				"$(SRCROOT)/.xcode.env",
			);
			name = "Bundle React Native code and images";
			outputPaths = (
			);
			runOnlyForDeploymentPostprocessing = 0;
			shellPath = /bin/sh;
			shellScript = "if [[ -f \"$PODS_ROOT/../.xcode.env\" ]]; then\n  source \"$PODS_ROOT/../.xcode.env\"\nfi\nif [[ -f \"$PODS_ROOT/../.xcode.env.local\" ]]; then\n  source \"$PODS_ROOT/../.xcode.env.local\"\nfi\n\n# The project root by default is one level up from the ios directory\nexport PROJECT_ROOT=\"$PROJECT_DIR\"/..\n\nif [[ \"$CONFIGURATION\" = *Debug* ]]; then\n  export SKIP_BUNDLING=1\nfi\nif [[ -z \"$ENTRY_FILE\" ]]; then\n  # Set the entry JS file using the bundler's entry resolution.\n  export ENTRY_FILE=\"$(\"$NODE_BINARY\" -e \"require('expo/scripts/resolveAppEntry')\" \"$PROJECT_ROOT\" ios absolute | tail -n 1)\"\nfi\n\nif [[ -z \"$CLI_PATH\" ]]; then\n  # Use Expo CLI\n  export CLI_PATH=\"$(\"$NODE_BINARY\" --print \"require.resolve('@expo/cli')\")\"\nfi\nif [[ -z \"$BUNDLE_COMMAND\" ]]; then\n  # Default Expo CLI command for bundling\n  export BUNDLE_COMMAND=\"export:embed\"\nfi\n\n`\"$NODE_BINARY\" --print \"require('path').dirname(require.resolve('react-native/package.json')) + '/scripts/react-native-xcode.sh'\"`\n";
		};
		58BDA31B2CCF867300DF7710 /* Bundle React Native code and images */ = {
			isa = PBXShellScriptBuildPhase;
			buildActionMask = 2147483647;
			files = (
			);
			inputPaths = (
				"$(SRCROOT)/.xcode.env.local",
				"$(SRCROOT)/.xcode.env",
			);
			name = "Bundle React Native code and images";
			outputPaths = (
			);
			runOnlyForDeploymentPostprocessing = 0;
			shellPath = /bin/sh;
			shellScript = "if [[ -f \"$PODS_ROOT/../.xcode.env\" ]]; then\n  source \"$PODS_ROOT/../.xcode.env\"\nfi\nif [[ -f \"$PODS_ROOT/../.xcode.env.local\" ]]; then\n  source \"$PODS_ROOT/../.xcode.env.local\"\nfi\n\n# The project root by default is one level up from the ios directory\nexport PROJECT_ROOT=\"$PROJECT_DIR\"/..\n\nif [[ \"$CONFIGURATION\" = *Debug* ]]; then\n  export SKIP_BUNDLING=1\nfi\nif [[ -z \"$ENTRY_FILE\" ]]; then\n  # Set the entry JS file using the bundler's entry resolution.\n  export ENTRY_FILE=\"$(\"$NODE_BINARY\" -e \"require('expo/scripts/resolveAppEntry')\" \"$PROJECT_ROOT\" ios absolute | tail -n 1)\"\nfi\n\nif [[ -z \"$CLI_PATH\" ]]; then\n  # Use Expo CLI\n  export CLI_PATH=\"$(\"$NODE_BINARY\" --print \"require.resolve('@expo/cli')\")\"\nfi\nif [[ -z \"$BUNDLE_COMMAND\" ]]; then\n  # Default Expo CLI command for bundling\n  export BUNDLE_COMMAND=\"export:embed\"\nfi\n\n`\"$NODE_BINARY\" --print \"require('path').dirname(require.resolve('react-native/package.json')) + '/scripts/react-native-xcode.sh'\"`\n";
		};
		6B1D606339A0D919B7564193 /* [CP] Check Pods Manifest.lock */ = {
			isa = PBXShellScriptBuildPhase;
			buildActionMask = 2147483647;
			files = (
			);
			inputFileListPaths = (
			);
			inputPaths = (
				"${PODS_PODFILE_DIR_PATH}/Podfile.lock",
				"${PODS_ROOT}/Manifest.lock",
			);
			name = "[CP] Check Pods Manifest.lock";
			outputFileListPaths = (
			);
			outputPaths = (
				"$(DERIVED_FILE_DIR)/Pods-IgniteKitBase-IgniteKit production-checkManifestLockResult.txt",
			);
			runOnlyForDeploymentPostprocessing = 0;
			shellPath = /bin/sh;
			shellScript = "diff \"${PODS_PODFILE_DIR_PATH}/Podfile.lock\" \"${PODS_ROOT}/Manifest.lock\" > /dev/null\nif [ $? != 0 ] ; then\n    # print error to STDERR\n    echo \"error: The sandbox is not in sync with the Podfile.lock. Run 'pod install' or update your CocoaPods installation.\" >&2\n    exit 1\nfi\n# This output is used by Xcode 'outputs' to avoid re-running this script phase.\necho \"SUCCESS\" > \"${SCRIPT_OUTPUT_FILE_0}\"\n";
			showEnvVarsInLog = 0;
		};
		6D14A1C3C87B9332D9FC2A81 /* [CP] Check Pods Manifest.lock */ = {
			isa = PBXShellScriptBuildPhase;
			buildActionMask = 2147483647;
			files = (
			);
			inputFileListPaths = (
			);
			inputPaths = (
				"${PODS_PODFILE_DIR_PATH}/Podfile.lock",
				"${PODS_ROOT}/Manifest.lock",
			);
			name = "[CP] Check Pods Manifest.lock";
			outputFileListPaths = (
			);
			outputPaths = (
				"$(DERIVED_FILE_DIR)/Pods-IgniteKitBase-IgniteKit-checkManifestLockResult.txt",
			);
			runOnlyForDeploymentPostprocessing = 0;
			shellPath = /bin/sh;
			shellScript = "diff \"${PODS_PODFILE_DIR_PATH}/Podfile.lock\" \"${PODS_ROOT}/Manifest.lock\" > /dev/null\nif [ $? != 0 ] ; then\n    # print error to STDERR\n    echo \"error: The sandbox is not in sync with the Podfile.lock. Run 'pod install' or update your CocoaPods installation.\" >&2\n    exit 1\nfi\n# This output is used by Xcode 'outputs' to avoid re-running this script phase.\necho \"SUCCESS\" > \"${SCRIPT_OUTPUT_FILE_0}\"\n";
			showEnvVarsInLog = 0;
		};
		8288039AE02DE5D9BBD8B413 /* [CP] Check Pods Manifest.lock */ = {
			isa = PBXShellScriptBuildPhase;
			buildActionMask = 2147483647;
			files = (
			);
			inputFileListPaths = (
			);
			inputPaths = (
				"${PODS_PODFILE_DIR_PATH}/Podfile.lock",
				"${PODS_ROOT}/Manifest.lock",
			);
			name = "[CP] Check Pods Manifest.lock";
			outputFileListPaths = (
			);
			outputPaths = (
				"$(DERIVED_FILE_DIR)/Pods-IgniteKitBase-IgniteKitTests-checkManifestLockResult.txt",
			);
			runOnlyForDeploymentPostprocessing = 0;
			shellPath = /bin/sh;
			shellScript = "diff \"${PODS_PODFILE_DIR_PATH}/Podfile.lock\" \"${PODS_ROOT}/Manifest.lock\" > /dev/null\nif [ $? != 0 ] ; then\n    # print error to STDERR\n    echo \"error: The sandbox is not in sync with the Podfile.lock. Run 'pod install' or update your CocoaPods installation.\" >&2\n    exit 1\nfi\n# This output is used by Xcode 'outputs' to avoid re-running this script phase.\necho \"SUCCESS\" > \"${SCRIPT_OUTPUT_FILE_0}\"\n";
			showEnvVarsInLog = 0;
		};
		A1CE5FD8F4200625997CC7BF /* [CP] Embed Pods Frameworks */ = {
			isa = PBXShellScriptBuildPhase;
			buildActionMask = 2147483647;
			files = (
			);
			inputFileListPaths = (
				"${PODS_ROOT}/Target Support Files/Pods-IgniteKitBase-IgniteKit production/Pods-IgniteKitBase-IgniteKit production-frameworks-${CONFIGURATION}-input-files.xcfilelist",
			);
			name = "[CP] Embed Pods Frameworks";
			outputFileListPaths = (
				"${PODS_ROOT}/Target Support Files/Pods-IgniteKitBase-IgniteKit production/Pods-IgniteKitBase-IgniteKit production-frameworks-${CONFIGURATION}-output-files.xcfilelist",
			);
			runOnlyForDeploymentPostprocessing = 0;
			shellPath = /bin/sh;
			shellScript = "\"${PODS_ROOT}/Target Support Files/Pods-IgniteKitBase-IgniteKit production/Pods-IgniteKitBase-IgniteKit production-frameworks.sh\"\n";
			showEnvVarsInLog = 0;
		};
		A5D6540627182A713DF777AC /* [CP] Copy Pods Resources */ = {
			isa = PBXShellScriptBuildPhase;
			buildActionMask = 2147483647;
			files = (
			);
			inputFileListPaths = (
				"${PODS_ROOT}/Target Support Files/Pods-IgniteKitBase-IgniteKit staging/Pods-IgniteKitBase-IgniteKit staging-resources-${CONFIGURATION}-input-files.xcfilelist",
			);
			name = "[CP] Copy Pods Resources";
			outputFileListPaths = (
				"${PODS_ROOT}/Target Support Files/Pods-IgniteKitBase-IgniteKit staging/Pods-IgniteKitBase-IgniteKit staging-resources-${CONFIGURATION}-output-files.xcfilelist",
			);
			runOnlyForDeploymentPostprocessing = 0;
			shellPath = /bin/sh;
			shellScript = "\"${PODS_ROOT}/Target Support Files/Pods-IgniteKitBase-IgniteKit staging/Pods-IgniteKitBase-IgniteKit staging-resources.sh\"\n";
			showEnvVarsInLog = 0;
		};
		B9B8D36E0D7C2BEBD5E03AAF /* [Expo] Configure project */ = {
			isa = PBXShellScriptBuildPhase;
			alwaysOutOfDate = 1;
			buildActionMask = 2147483647;
			files = (
			);
			inputFileListPaths = (
			);
			inputPaths = (
			);
			name = "[Expo] Configure project";
			outputFileListPaths = (
			);
			outputPaths = (
			);
			runOnlyForDeploymentPostprocessing = 0;
			shellPath = /bin/sh;
			shellScript = "# This script configures Expo modules and generates the modules provider file.\nbash -l -c \"./Pods/Target\\ Support\\ Files/Pods-IgniteKitBase-IgniteKit\\ production/expo-configure-project.sh\"\n";
		};
		C125031F9DFF09212ED3F151 /* [CP] Embed Pods Frameworks */ = {
			isa = PBXShellScriptBuildPhase;
			buildActionMask = 2147483647;
			files = (
			);
			inputFileListPaths = (
				"${PODS_ROOT}/Target Support Files/Pods-IgniteKitBase-IgniteKit development/Pods-IgniteKitBase-IgniteKit development-frameworks-${CONFIGURATION}-input-files.xcfilelist",
			);
			name = "[CP] Embed Pods Frameworks";
			outputFileListPaths = (
				"${PODS_ROOT}/Target Support Files/Pods-IgniteKitBase-IgniteKit development/Pods-IgniteKitBase-IgniteKit development-frameworks-${CONFIGURATION}-output-files.xcfilelist",
			);
			runOnlyForDeploymentPostprocessing = 0;
			shellPath = /bin/sh;
			shellScript = "\"${PODS_ROOT}/Target Support Files/Pods-IgniteKitBase-IgniteKit development/Pods-IgniteKitBase-IgniteKit development-frameworks.sh\"\n";
			showEnvVarsInLog = 0;
		};
		C27403DAE051F2D890D4D58B /* [CP] Embed Pods Frameworks */ = {
			isa = PBXShellScriptBuildPhase;
			buildActionMask = 2147483647;
			files = (
			);
			inputFileListPaths = (
				"${PODS_ROOT}/Target Support Files/Pods-IgniteKitBase-IgniteKitTests/Pods-IgniteKitBase-IgniteKitTests-frameworks-${CONFIGURATION}-input-files.xcfilelist",
			);
			name = "[CP] Embed Pods Frameworks";
			outputFileListPaths = (
				"${PODS_ROOT}/Target Support Files/Pods-IgniteKitBase-IgniteKitTests/Pods-IgniteKitBase-IgniteKitTests-frameworks-${CONFIGURATION}-output-files.xcfilelist",
			);
			runOnlyForDeploymentPostprocessing = 0;
			shellPath = /bin/sh;
			shellScript = "\"${PODS_ROOT}/Target Support Files/Pods-IgniteKitBase-IgniteKitTests/Pods-IgniteKitBase-IgniteKitTests-frameworks.sh\"\n";
			showEnvVarsInLog = 0;
		};
		D25B0844A30B3B28C416E52C /* [CP] Copy Pods Resources */ = {
			isa = PBXShellScriptBuildPhase;
			buildActionMask = 2147483647;
			files = (
			);
			inputFileListPaths = (
				"${PODS_ROOT}/Target Support Files/Pods-IgniteKitBase-IgniteKit production/Pods-IgniteKitBase-IgniteKit production-resources-${CONFIGURATION}-input-files.xcfilelist",
			);
			name = "[CP] Copy Pods Resources";
			outputFileListPaths = (
				"${PODS_ROOT}/Target Support Files/Pods-IgniteKitBase-IgniteKit production/Pods-IgniteKitBase-IgniteKit production-resources-${CONFIGURATION}-output-files.xcfilelist",
			);
			runOnlyForDeploymentPostprocessing = 0;
			shellPath = /bin/sh;
			shellScript = "\"${PODS_ROOT}/Target Support Files/Pods-IgniteKitBase-IgniteKit production/Pods-IgniteKitBase-IgniteKit production-resources.sh\"\n";
			showEnvVarsInLog = 0;
		};
		D52DB2285EC70DB6C66278F6 /* [CP] Check Pods Manifest.lock */ = {
			isa = PBXShellScriptBuildPhase;
			buildActionMask = 2147483647;
			files = (
			);
			inputFileListPaths = (
			);
			inputPaths = (
				"${PODS_PODFILE_DIR_PATH}/Podfile.lock",
				"${PODS_ROOT}/Manifest.lock",
			);
			name = "[CP] Check Pods Manifest.lock";
			outputFileListPaths = (
			);
			outputPaths = (
				"$(DERIVED_FILE_DIR)/Pods-IgniteKitBase-IgniteKit development-checkManifestLockResult.txt",
			);
			runOnlyForDeploymentPostprocessing = 0;
			shellPath = /bin/sh;
			shellScript = "diff \"${PODS_PODFILE_DIR_PATH}/Podfile.lock\" \"${PODS_ROOT}/Manifest.lock\" > /dev/null\nif [ $? != 0 ] ; then\n    # print error to STDERR\n    echo \"error: The sandbox is not in sync with the Podfile.lock. Run 'pod install' or update your CocoaPods installation.\" >&2\n    exit 1\nfi\n# This output is used by Xcode 'outputs' to avoid re-running this script phase.\necho \"SUCCESS\" > \"${SCRIPT_OUTPUT_FILE_0}\"\n";
			showEnvVarsInLog = 0;
		};
		E7C9ADAE3B026A428A6A2163 /* [CP] Embed Pods Frameworks */ = {
			isa = PBXShellScriptBuildPhase;
			buildActionMask = 2147483647;
			files = (
			);
			inputFileListPaths = (
				"${PODS_ROOT}/Target Support Files/Pods-IgniteKitBase-IgniteKit/Pods-IgniteKitBase-IgniteKit-frameworks-${CONFIGURATION}-input-files.xcfilelist",
			);
			name = "[CP] Embed Pods Frameworks";
			outputFileListPaths = (
				"${PODS_ROOT}/Target Support Files/Pods-IgniteKitBase-IgniteKit/Pods-IgniteKitBase-IgniteKit-frameworks-${CONFIGURATION}-output-files.xcfilelist",
			);
			runOnlyForDeploymentPostprocessing = 0;
			shellPath = /bin/sh;
			shellScript = "\"${PODS_ROOT}/Target Support Files/Pods-IgniteKitBase-IgniteKit/Pods-IgniteKitBase-IgniteKit-frameworks.sh\"\n";
			showEnvVarsInLog = 0;
		};
		F087609603D528D191A8DB3B /* [Expo] Configure project */ = {
			isa = PBXShellScriptBuildPhase;
			alwaysOutOfDate = 1;
			buildActionMask = 2147483647;
			files = (
			);
			inputFileListPaths = (
			);
			inputPaths = (
			);
			name = "[Expo] Configure project";
			outputFileListPaths = (
			);
			outputPaths = (
			);
			runOnlyForDeploymentPostprocessing = 0;
			shellPath = /bin/sh;
			shellScript = "# This script configures Expo modules and generates the modules provider file.\nbash -l -c \"./Pods/Target\\ Support\\ Files/Pods-IgniteKitBase-IgniteKitTests/expo-configure-project.sh\"\n";
		};
/* End PBXShellScriptBuildPhase section */

/* Begin PBXSourcesBuildPhase section */
		00E356EA1AD99517003FC87E /* Sources */ = {
			isa = PBXSourcesBuildPhase;
			buildActionMask = 2147483647;
			files = (
				00E356F31AD99517003FC87E /* IgniteKitTests.m in Sources */,
				D7189032F98ACE640D46A655 /* ExpoModulesProvider.swift in Sources */,
				682895CC697802145071723D /* ExpoModulesProvider.swift in Sources */,
			);
			runOnlyForDeploymentPostprocessing = 0;
		};
		13B07F871A680F5B00A75B9A /* Sources */ = {
			isa = PBXSourcesBuildPhase;
			buildActionMask = 2147483647;
			files = (
				13B07FBC1A68108700A75B9A /* AppDelegate.mm in Sources */,
				13B07FC11A68108700A75B9A /* main.m in Sources */,
				20F59FE2441461C6C53B4773 /* ExpoModulesProvider.swift in Sources */,
				5681E2B26BB65902B9C8E870 /* ExpoModulesProvider.swift in Sources */,
			);
			runOnlyForDeploymentPostprocessing = 0;
		};
		58BDA2EC2CCF866D00DF7710 /* Sources */ = {
			isa = PBXSourcesBuildPhase;
			buildActionMask = 2147483647;
			files = (
				58BDA2ED2CCF866D00DF7710 /* AppDelegate.mm in Sources */,
				58BDA2EE2CCF866D00DF7710 /* main.m in Sources */,
				D7196B7133C0BDDFE87C815A /* ExpoModulesProvider.swift in Sources */,
				3C32288C6041A82663CB85AD /* ExpoModulesProvider.swift in Sources */,
			);
			runOnlyForDeploymentPostprocessing = 0;
		};
		58BDA2FF2CCF866F00DF7710 /* Sources */ = {
			isa = PBXSourcesBuildPhase;
			buildActionMask = 2147483647;
			files = (
				58BDA3002CCF866F00DF7710 /* AppDelegate.mm in Sources */,
				58BDA3012CCF866F00DF7710 /* main.m in Sources */,
				3A71C82587D13DB9AEE7C367 /* ExpoModulesProvider.swift in Sources */,
				80478C55B86B495680D0AB3F /* ExpoModulesProvider.swift in Sources */,
			);
			runOnlyForDeploymentPostprocessing = 0;
		};
		58BDA3122CCF867300DF7710 /* Sources */ = {
			isa = PBXSourcesBuildPhase;
			buildActionMask = 2147483647;
			files = (
				58BDA3132CCF867300DF7710 /* AppDelegate.mm in Sources */,
				58BDA3142CCF867300DF7710 /* main.m in Sources */,
				31E43459BB41CFF59762DEB0 /* ExpoModulesProvider.swift in Sources */,
				5930D4356509C740E6B534CF /* ExpoModulesProvider.swift in Sources */,
			);
			runOnlyForDeploymentPostprocessing = 0;
		};
/* End PBXSourcesBuildPhase section */

/* Begin PBXTargetDependency section */
		00E356F51AD99517003FC87E /* PBXTargetDependency */ = {
			isa = PBXTargetDependency;
			target = 13B07F861A680F5B00A75B9A /* IgniteKit */;
			targetProxy = 00E356F41AD99517003FC87E /* PBXContainerItemProxy */;
		};
/* End PBXTargetDependency section */

/* Begin XCBuildConfiguration section */
		00E356F61AD99517003FC87E /* Debug */ = {
			isa = XCBuildConfiguration;
			baseConfigurationReference = D5C0D26409D3704778E8B525 /* Pods-IgniteKitBase-IgniteKitTests.debug.xcconfig */;
			buildSettings = {
				BUNDLE_LOADER = "$(TEST_HOST)";
				DEVELOPMENT_TEAM = 7BJAJP6YCF;
				GCC_PREPROCESSOR_DEFINITIONS = (
					"DEBUG=1",
					"$(inherited)",
				);
				INFOPLIST_FILE = IgniteKitTests/Info.plist;
				IPHONEOS_DEPLOYMENT_TARGET = 13.4;
				LD_RUNPATH_SEARCH_PATHS = (
					"$(inherited)",
					"@executable_path/Frameworks",
					"@loader_path/Frameworks",
				);
				OTHER_LDFLAGS = (
					"-ObjC",
					"-lc++",
					"$(inherited)",
				);
				OTHER_SWIFT_FLAGS = "$(inherited) -D EXPO_CONFIGURATION_DEBUG";
				PRODUCT_BUNDLE_IDENTIFIER = com.snapbiodata.app;
				PRODUCT_NAME = "$(TARGET_NAME)";
				SWIFT_VERSION = 5.0;
				TEST_HOST = "$(BUILT_PRODUCTS_DIR)/IgniteKit.app/IgniteKit";
			};
			name = Debug;
		};
		00E356F71AD99517003FC87E /* Release */ = {
			isa = XCBuildConfiguration;
			baseConfigurationReference = CD5D6BA0693B490E3843D1E4 /* Pods-IgniteKitBase-IgniteKitTests.release.xcconfig */;
			buildSettings = {
				BUNDLE_LOADER = "$(TEST_HOST)";
				COPY_PHASE_STRIP = NO;
				DEVELOPMENT_TEAM = 7BJAJP6YCF;
				INFOPLIST_FILE = IgniteKitTests/Info.plist;
				IPHONEOS_DEPLOYMENT_TARGET = 13.4;
				LD_RUNPATH_SEARCH_PATHS = (
					"$(inherited)",
					"@executable_path/Frameworks",
					"@loader_path/Frameworks",
				);
				OTHER_LDFLAGS = (
					"-ObjC",
					"-lc++",
					"$(inherited)",
				);
				OTHER_SWIFT_FLAGS = "$(inherited) -D EXPO_CONFIGURATION_RELEASE";
				PRODUCT_BUNDLE_IDENTIFIER = com.snapbiodata.app;
				PRODUCT_NAME = "$(TARGET_NAME)";
				SWIFT_VERSION = 5.0;
				TEST_HOST = "$(BUILT_PRODUCTS_DIR)/IgniteKit.app/IgniteKit";
			};
			name = Release;
		};
		13B07F941A680F5B00A75B9A /* Debug */ = {
			isa = XCBuildConfiguration;
			baseConfigurationReference = 09894551439D514DEFF32960 /* Pods-IgniteKitBase-IgniteKit.debug.xcconfig */;
			buildSettings = {
				ASSETCATALOG_COMPILER_APPICON_NAME = AppIcon;
				CLANG_ENABLE_MODULES = YES;
				CODE_SIGN_IDENTITY = "Apple Development";
				CODE_SIGN_STYLE = Automatic;
				CURRENT_PROJECT_VERSION = 39;
				DEVELOPMENT_TEAM = 7BJAJP6YCF;
				ENABLE_BITCODE = NO;
				INFOPLIST_FILE = IgniteKit/Info.plist;
				LD_RUNPATH_SEARCH_PATHS = (
					"$(inherited)",
					"@executable_path/Frameworks",
				);
				MARKETING_VERSION = 1.0.0;
				OTHER_LDFLAGS = (
					"$(inherited)",
					"-ObjC",
					"-lc++",
				);
				OTHER_SWIFT_FLAGS = "$(inherited) -D EXPO_CONFIGURATION_DEBUG";
				PRODUCT_BUNDLE_IDENTIFIER = com.snapbiodata.app;
				PRODUCT_NAME = IgniteKit;
				PROVISIONING_PROFILE_SPECIFIER = "";
				SWIFT_OPTIMIZATION_LEVEL = "-Onone";
				SWIFT_VERSION = 5.0;
				VERSIONING_SYSTEM = "apple-generic";
			};
			name = Debug;
		};
		13B07F951A680F5B00A75B9A /* Release */ = {
			isa = XCBuildConfiguration;
			baseConfigurationReference = 4D75FE1DDD2F6759891319F9 /* Pods-IgniteKitBase-IgniteKit.release.xcconfig */;
			buildSettings = {
				ASSETCATALOG_COMPILER_APPICON_NAME = AppIcon;
				CLANG_ENABLE_MODULES = YES;
				CURRENT_PROJECT_VERSION = 39;
				DEVELOPMENT_TEAM = 7BJAJP6YCF;
				INFOPLIST_FILE = IgniteKit/Info.plist;
				LD_RUNPATH_SEARCH_PATHS = (
					"$(inherited)",
					"@executable_path/Frameworks",
				);
				MARKETING_VERSION = 1.0.0;
				OTHER_LDFLAGS = (
					"$(inherited)",
					"-ObjC",
					"-lc++",
				);
				OTHER_SWIFT_FLAGS = "$(inherited) -D EXPO_CONFIGURATION_RELEASE";
				PRODUCT_BUNDLE_IDENTIFIER = com.snapbiodata.app;
				PRODUCT_NAME = IgniteKit;
				SWIFT_VERSION = 5.0;
				VERSIONING_SYSTEM = "apple-generic";
			};
			name = Release;
		};
		58BDA2F92CCF866D00DF7710 /* Debug */ = {
			isa = XCBuildConfiguration;
			baseConfigurationReference = 9AF020389298AEC88B288A58 /* Pods-IgniteKitBase-IgniteKit development.debug.xcconfig */;
			buildSettings = {
				ASSETCATALOG_COMPILER_APPICON_NAME = "AppIcon-Development";
				ASSETCATALOG_COMPILER_INCLUDE_ALL_APPICON_ASSETS = YES;
				CLANG_ENABLE_MODULES = YES;
				CODE_SIGN_IDENTITY = "Apple Development";
				CODE_SIGN_STYLE = Automatic;
				CURRENT_PROJECT_VERSION = 39;
				DEVELOPMENT_TEAM = 7BJAJP6YCF;
				ENABLE_BITCODE = NO;
				INFOPLIST_FILE = "IgniteKit development-Info.plist";
				INFOPLIST_KEY_CFBundleDisplayName = "IgniteKit Dev";
				LD_RUNPATH_SEARCH_PATHS = (
					"$(inherited)",
					"@executable_path/Frameworks",
				);
				MARKETING_VERSION = 1.0.0;
				OTHER_LDFLAGS = (
					"$(inherited)",
					"-ObjC",
					"-lc++",
				);
				OTHER_SWIFT_FLAGS = "$(inherited) -D EXPO_CONFIGURATION_DEBUG";
				PRODUCT_BUNDLE_IDENTIFIER = com.snapbiodata.app;
				PRODUCT_NAME = "$(TARGET_NAME)";
				PROVISIONING_PROFILE_SPECIFIER = "";
				SWIFT_OPTIMIZATION_LEVEL = "-Onone";
				SWIFT_VERSION = 5.0;
				VERSIONING_SYSTEM = "apple-generic";
			};
			name = Debug;
		};
		58BDA2FA2CCF866D00DF7710 /* Release */ = {
			isa = XCBuildConfiguration;
			baseConfigurationReference = CF59F202403A750F79E11947 /* Pods-IgniteKitBase-IgniteKit development.release.xcconfig */;
			buildSettings = {
				ASSETCATALOG_COMPILER_APPICON_NAME = "AppIcon-Development";
				ASSETCATALOG_COMPILER_INCLUDE_ALL_APPICON_ASSETS = YES;
				CLANG_ENABLE_MODULES = YES;
				CODE_SIGN_IDENTITY = "Apple Development";
				CODE_SIGN_STYLE = Automatic;
				CURRENT_PROJECT_VERSION = 39;
				DEVELOPMENT_TEAM = 7BJAJP6YCF;
				INFOPLIST_FILE = "IgniteKit development-Info.plist";
				INFOPLIST_KEY_CFBundleDisplayName = "IgniteKit Dev";
				LD_RUNPATH_SEARCH_PATHS = (
					"$(inherited)",
					"@executable_path/Frameworks",
				);
				MARKETING_VERSION = 1.0.0;
				OTHER_LDFLAGS = (
					"$(inherited)",
					"-ObjC",
					"-lc++",
				);
				OTHER_SWIFT_FLAGS = "$(inherited) -D EXPO_CONFIGURATION_RELEASE";
				PRODUCT_BUNDLE_IDENTIFIER = com.snapbiodata.app;
				PRODUCT_NAME = "$(TARGET_NAME)";
				PROVISIONING_PROFILE_SPECIFIER = "";
				SWIFT_VERSION = 5.0;
				VERSIONING_SYSTEM = "apple-generic";
			};
			name = Release;
		};
		58BDA30C2CCF866F00DF7710 /* Debug */ = {
			isa = XCBuildConfiguration;
			baseConfigurationReference = 3B2B3F865CF3AD7DE551B1E3 /* Pods-IgniteKitBase-IgniteKit staging.debug.xcconfig */;
			buildSettings = {
				ASSETCATALOG_COMPILER_APPICON_NAME = "AppIcon-Staging";
				ASSETCATALOG_COMPILER_INCLUDE_ALL_APPICON_ASSETS = YES;
				CLANG_ENABLE_MODULES = YES;
				CODE_SIGN_IDENTITY = "Apple Development";
				CODE_SIGN_STYLE = Automatic;
				CURRENT_PROJECT_VERSION = 39;
				DEVELOPMENT_TEAM = 7BJAJP6YCF;
				ENABLE_BITCODE = NO;
				INFOPLIST_FILE = "IgniteKit staging-Info.plist";
				INFOPLIST_KEY_CFBundleDisplayName = "IgniteKit Staging";
				LD_RUNPATH_SEARCH_PATHS = (
					"$(inherited)",
					"@executable_path/Frameworks",
				);
				MARKETING_VERSION = 1.0.0;
				OTHER_LDFLAGS = (
					"$(inherited)",
					"-ObjC",
					"-lc++",
				);
				OTHER_SWIFT_FLAGS = "$(inherited) -D EXPO_CONFIGURATION_DEBUG";
				PRODUCT_BUNDLE_IDENTIFIER = com.snapbiodata.app;
				PRODUCT_NAME = "$(TARGET_NAME)";
				PROVISIONING_PROFILE_SPECIFIER = "";
				SWIFT_OPTIMIZATION_LEVEL = "-Onone";
				SWIFT_VERSION = 5.0;
				VERSIONING_SYSTEM = "apple-generic";
			};
			name = Debug;
		};
		58BDA30D2CCF866F00DF7710 /* Release */ = {
			isa = XCBuildConfiguration;
			baseConfigurationReference = 02D57C7064FB5DB9F9FA56D0 /* Pods-IgniteKitBase-IgniteKit staging.release.xcconfig */;
			buildSettings = {
				ASSETCATALOG_COMPILER_APPICON_NAME = "AppIcon-Staging";
				ASSETCATALOG_COMPILER_INCLUDE_ALL_APPICON_ASSETS = YES;
				CLANG_ENABLE_MODULES = YES;
				CODE_SIGN_IDENTITY = "Apple Development";
				CODE_SIGN_STYLE = Automatic;
				CURRENT_PROJECT_VERSION = 39;
				DEVELOPMENT_TEAM = 7BJAJP6YCF;
				INFOPLIST_FILE = "IgniteKit staging-Info.plist";
				INFOPLIST_KEY_CFBundleDisplayName = "IgniteKit Staging";
				LD_RUNPATH_SEARCH_PATHS = (
					"$(inherited)",
					"@executable_path/Frameworks",
				);
				MARKETING_VERSION = 1.0.0;
				OTHER_LDFLAGS = (
					"$(inherited)",
					"-ObjC",
					"-lc++",
				);
				OTHER_SWIFT_FLAGS = "$(inherited) -D EXPO_CONFIGURATION_RELEASE";
				PRODUCT_BUNDLE_IDENTIFIER = com.snapbiodata.app;
				PRODUCT_NAME = "$(TARGET_NAME)";
				PROVISIONING_PROFILE_SPECIFIER = "";
				SWIFT_VERSION = 5.0;
				VERSIONING_SYSTEM = "apple-generic";
			};
			name = Release;
		};
		58BDA31F2CCF867300DF7710 /* Debug */ = {
			isa = XCBuildConfiguration;
			baseConfigurationReference = 516CFA6E4F5BEA4FA711EAEE /* Pods-IgniteKitBase-IgniteKit production.debug.xcconfig */;
			buildSettings = {
				ASSETCATALOG_COMPILER_APPICON_NAME = "AppIcon-Production";
				ASSETCATALOG_COMPILER_INCLUDE_ALL_APPICON_ASSETS = YES;
				CLANG_ENABLE_MODULES = YES;
				CURRENT_PROJECT_VERSION = 39;
				DEVELOPMENT_TEAM = 7BJAJP6YCF;
				ENABLE_BITCODE = NO;
				INFOPLIST_FILE = "IgniteKit production-Info.plist";
				INFOPLIST_KEY_CFBundleDisplayName = IgniteKit;
				LD_RUNPATH_SEARCH_PATHS = (
					"$(inherited)",
					"@executable_path/Frameworks",
				);
				MARKETING_VERSION = 1.0.0;
				OTHER_LDFLAGS = (
					"$(inherited)",
					"-ObjC",
					"-lc++",
				);
				OTHER_SWIFT_FLAGS = "$(inherited) -D EXPO_CONFIGURATION_DEBUG";
				PRODUCT_BUNDLE_IDENTIFIER = com.snapbiodata.app;
				PRODUCT_NAME = "$(TARGET_NAME)";
				SWIFT_OPTIMIZATION_LEVEL = "-Onone";
				SWIFT_VERSION = 5.0;
				VERSIONING_SYSTEM = "apple-generic";
			};
			name = Debug;
		};
		58BDA3202CCF867300DF7710 /* Release */ = {
			isa = XCBuildConfiguration;
			baseConfigurationReference = 277FDAE1DCD4C61C5007FBF6 /* Pods-IgniteKitBase-IgniteKit production.release.xcconfig */;
			buildSettings = {
				ASSETCATALOG_COMPILER_APPICON_NAME = "AppIcon-Production";
				ASSETCATALOG_COMPILER_INCLUDE_ALL_APPICON_ASSETS = YES;
				CLANG_ENABLE_MODULES = YES;
				CURRENT_PROJECT_VERSION = 39;
				DEVELOPMENT_TEAM = 7BJAJP6YCF;
				INFOPLIST_FILE = "IgniteKit production-Info.plist";
				INFOPLIST_KEY_CFBundleDisplayName = IgniteKit;
				LD_RUNPATH_SEARCH_PATHS = (
					"$(inherited)",
					"@executable_path/Frameworks",
				);
				MARKETING_VERSION = 1.0.0;
				OTHER_LDFLAGS = (
					"$(inherited)",
					"-ObjC",
					"-lc++",
				);
				OTHER_SWIFT_FLAGS = "$(inherited) -D EXPO_CONFIGURATION_RELEASE";
				PRODUCT_BUNDLE_IDENTIFIER = com.snapbiodata.app;
				PRODUCT_NAME = "$(TARGET_NAME)";
				SWIFT_VERSION = 5.0;
				VERSIONING_SYSTEM = "apple-generic";
			};
			name = Release;
		};
		83CBBA201A601CBA00E9B192 /* Debug */ = {
			isa = XCBuildConfiguration;
			buildSettings = {
				ALWAYS_SEARCH_USER_PATHS = NO;
				CC = "";
				CLANG_ANALYZER_LOCALIZABILITY_NONLOCALIZED = YES;
				CLANG_CXX_LANGUAGE_STANDARD = "c++20";
				CLANG_CXX_LIBRARY = "libc++";
				CLANG_ENABLE_MODULES = YES;
				CLANG_ENABLE_OBJC_ARC = YES;
				CLANG_WARN_BLOCK_CAPTURE_AUTORELEASING = YES;
				CLANG_WARN_BOOL_CONVERSION = YES;
				CLANG_WARN_COMMA = YES;
				CLANG_WARN_CONSTANT_CONVERSION = YES;
				CLANG_WARN_DEPRECATED_OBJC_IMPLEMENTATIONS = YES;
				CLANG_WARN_DIRECT_OBJC_ISA_USAGE = YES_ERROR;
				CLANG_WARN_EMPTY_BODY = YES;
				CLANG_WARN_ENUM_CONVERSION = YES;
				CLANG_WARN_INFINITE_RECURSION = YES;
				CLANG_WARN_INT_CONVERSION = YES;
				CLANG_WARN_NON_LITERAL_NULL_CONVERSION = YES;
				CLANG_WARN_OBJC_IMPLICIT_RETAIN_SELF = YES;
				CLANG_WARN_OBJC_LITERAL_CONVERSION = YES;
				CLANG_WARN_OBJC_ROOT_CLASS = YES_ERROR;
				CLANG_WARN_QUOTED_INCLUDE_IN_FRAMEWORK_HEADER = YES;
				CLANG_WARN_RANGE_LOOP_ANALYSIS = YES;
				CLANG_WARN_STRICT_PROTOTYPES = YES;
				CLANG_WARN_SUSPICIOUS_MOVE = YES;
				CLANG_WARN_UNREACHABLE_CODE = YES;
				CLANG_WARN__DUPLICATE_METHOD_MATCH = YES;
				"CODE_SIGN_IDENTITY[sdk=iphoneos*]" = "iPhone Developer";
				COPY_PHASE_STRIP = NO;
				CXX = "";
				ENABLE_STRICT_OBJC_MSGSEND = YES;
				ENABLE_TESTABILITY = YES;
				"EXCLUDED_ARCHS[sdk=iphonesimulator*]" = "";
				GCC_C_LANGUAGE_STANDARD = gnu99;
				GCC_DYNAMIC_NO_PIC = NO;
				GCC_NO_COMMON_BLOCKS = YES;
				GCC_OPTIMIZATION_LEVEL = 0;
				GCC_PREPROCESSOR_DEFINITIONS = (
					"DEBUG=1",
					"$(inherited)",
				);
				GCC_SYMBOLS_PRIVATE_EXTERN = NO;
				GCC_WARN_64_TO_32_BIT_CONVERSION = YES;
				GCC_WARN_ABOUT_RETURN_TYPE = YES_ERROR;
				GCC_WARN_UNDECLARED_SELECTOR = YES;
				GCC_WARN_UNINITIALIZED_AUTOS = YES_AGGRESSIVE;
				GCC_WARN_UNUSED_FUNCTION = YES;
				GCC_WARN_UNUSED_VARIABLE = YES;
				IPHONEOS_DEPLOYMENT_TARGET = 13.4;
				LD = "";
				LDPLUSPLUS = "";
				LD_RUNPATH_SEARCH_PATHS = (
					/usr/lib/swift,
					"$(inherited)",
				);
				LIBRARY_SEARCH_PATHS = (
					"\"$(SDKROOT)/usr/lib/swift\"",
					"\"$(TOOLCHAIN_DIR)/usr/lib/swift/$(PLATFORM_NAME)\"",
					"\"$(inherited)\"",
				);
				MTL_ENABLE_DEBUG_INFO = YES;
				ONLY_ACTIVE_ARCH = YES;
				OTHER_CPLUSPLUSFLAGS = (
					"$(OTHER_CFLAGS)",
					"-DFOLLY_NO_CONFIG",
					"-DFOLLY_MOBILE=1",
					"-DFOLLY_USE_LIBCPP=1",
					"-DFOLLY_CFG_NO_COROUTINES=1",
					"-DFOLLY_HAVE_CLOCK_GETTIME=1",
				);
				OTHER_LDFLAGS = (
					"$(inherited)",
					" ",
				);
				REACT_NATIVE_PATH = "${PODS_ROOT}/../../node_modules/react-native";
				SDKROOT = iphoneos;
				SWIFT_ACTIVE_COMPILATION_CONDITIONS = "$(inherited) DEBUG";
				SWIFT_VERSION = 5.0;
				USE_HERMES = true;
			};
			name = Debug;
		};
		83CBBA211A601CBA00E9B192 /* Release */ = {
			isa = XCBuildConfiguration;
			buildSettings = {
				ALWAYS_SEARCH_USER_PATHS = NO;
				CC = "";
				CLANG_ANALYZER_LOCALIZABILITY_NONLOCALIZED = YES;
				CLANG_CXX_LANGUAGE_STANDARD = "c++20";
				CLANG_CXX_LIBRARY = "libc++";
				CLANG_ENABLE_MODULES = YES;
				CLANG_ENABLE_OBJC_ARC = YES;
				CLANG_WARN_BLOCK_CAPTURE_AUTORELEASING = YES;
				CLANG_WARN_BOOL_CONVERSION = YES;
				CLANG_WARN_COMMA = YES;
				CLANG_WARN_CONSTANT_CONVERSION = YES;
				CLANG_WARN_DEPRECATED_OBJC_IMPLEMENTATIONS = YES;
				CLANG_WARN_DIRECT_OBJC_ISA_USAGE = YES_ERROR;
				CLANG_WARN_EMPTY_BODY = YES;
				CLANG_WARN_ENUM_CONVERSION = YES;
				CLANG_WARN_INFINITE_RECURSION = YES;
				CLANG_WARN_INT_CONVERSION = YES;
				CLANG_WARN_NON_LITERAL_NULL_CONVERSION = YES;
				CLANG_WARN_OBJC_IMPLICIT_RETAIN_SELF = YES;
				CLANG_WARN_OBJC_LITERAL_CONVERSION = YES;
				CLANG_WARN_OBJC_ROOT_CLASS = YES_ERROR;
				CLANG_WARN_QUOTED_INCLUDE_IN_FRAMEWORK_HEADER = YES;
				CLANG_WARN_RANGE_LOOP_ANALYSIS = YES;
				CLANG_WARN_STRICT_PROTOTYPES = YES;
				CLANG_WARN_SUSPICIOUS_MOVE = YES;
				CLANG_WARN_UNREACHABLE_CODE = YES;
				CLANG_WARN__DUPLICATE_METHOD_MATCH = YES;
				"CODE_SIGN_IDENTITY[sdk=iphoneos*]" = "iPhone Developer";
				COPY_PHASE_STRIP = YES;
				CXX = "";
				ENABLE_NS_ASSERTIONS = NO;
				ENABLE_STRICT_OBJC_MSGSEND = YES;
				"EXCLUDED_ARCHS[sdk=iphonesimulator*]" = "";
				GCC_C_LANGUAGE_STANDARD = gnu99;
				GCC_NO_COMMON_BLOCKS = YES;
				GCC_WARN_64_TO_32_BIT_CONVERSION = YES;
				GCC_WARN_ABOUT_RETURN_TYPE = YES_ERROR;
				GCC_WARN_UNDECLARED_SELECTOR = YES;
				GCC_WARN_UNINITIALIZED_AUTOS = YES_AGGRESSIVE;
				GCC_WARN_UNUSED_FUNCTION = YES;
				GCC_WARN_UNUSED_VARIABLE = YES;
				IPHONEOS_DEPLOYMENT_TARGET = 13.4;
				LD = "";
				LDPLUSPLUS = "";
				LD_RUNPATH_SEARCH_PATHS = (
					/usr/lib/swift,
					"$(inherited)",
				);
				LIBRARY_SEARCH_PATHS = (
					"\"$(SDKROOT)/usr/lib/swift\"",
					"\"$(TOOLCHAIN_DIR)/usr/lib/swift/$(PLATFORM_NAME)\"",
					"\"$(inherited)\"",
				);
				MTL_ENABLE_DEBUG_INFO = NO;
				OTHER_CPLUSPLUSFLAGS = (
					"$(OTHER_CFLAGS)",
					"-DFOLLY_NO_CONFIG",
					"-DFOLLY_MOBILE=1",
					"-DFOLLY_USE_LIBCPP=1",
					"-DFOLLY_CFG_NO_COROUTINES=1",
					"-DFOLLY_HAVE_CLOCK_GETTIME=1",
				);
				OTHER_LDFLAGS = (
					"$(inherited)",
					" ",
				);
				REACT_NATIVE_PATH = "${PODS_ROOT}/../../node_modules/react-native";
				SDKROOT = iphoneos;
				SWIFT_VERSION = 5.0;
				USE_HERMES = true;
				VALIDATE_PRODUCT = YES;
			};
			name = Release;
		};
/* End XCBuildConfiguration section */

/* Begin XCConfigurationList section */
		00E357021AD99517003FC87E /* Build configuration list for PBXNativeTarget "IgniteKitTests" */ = {
			isa = XCConfigurationList;
			buildConfigurations = (
				00E356F61AD99517003FC87E /* Debug */,
				00E356F71AD99517003FC87E /* Release */,
			);
			defaultConfigurationIsVisible = 0;
			defaultConfigurationName = Release;
		};
		13B07F931A680F5B00A75B9A /* Build configuration list for PBXNativeTarget "IgniteKit" */ = {
			isa = XCConfigurationList;
			buildConfigurations = (
				13B07F941A680F5B00A75B9A /* Debug */,
				13B07F951A680F5B00A75B9A /* Release */,
			);
			defaultConfigurationIsVisible = 0;
			defaultConfigurationName = Release;
		};
		58BDA2F82CCF866D00DF7710 /* Build configuration list for PBXNativeTarget "IgniteKit development" */ = {
			isa = XCConfigurationList;
			buildConfigurations = (
				58BDA2F92CCF866D00DF7710 /* Debug */,
				58BDA2FA2CCF866D00DF7710 /* Release */,
			);
			defaultConfigurationIsVisible = 0;
			defaultConfigurationName = Release;
		};
		58BDA30B2CCF866F00DF7710 /* Build configuration list for PBXNativeTarget "IgniteKit staging" */ = {
			isa = XCConfigurationList;
			buildConfigurations = (
				58BDA30C2CCF866F00DF7710 /* Debug */,
				58BDA30D2CCF866F00DF7710 /* Release */,
			);
			defaultConfigurationIsVisible = 0;
			defaultConfigurationName = Release;
		};
		58BDA31E2CCF867300DF7710 /* Build configuration list for PBXNativeTarget "IgniteKit production" */ = {
			isa = XCConfigurationList;
			buildConfigurations = (
				58BDA31F2CCF867300DF7710 /* Debug */,
				58BDA3202CCF867300DF7710 /* Release */,
			);
			defaultConfigurationIsVisible = 0;
			defaultConfigurationName = Release;
		};
		83CBB9FA1A601CBA00E9B192 /* Build configuration list for PBXProject "IgniteKit" */ = {
			isa = XCConfigurationList;
			buildConfigurations = (
				83CBBA201A601CBA00E9B192 /* Debug */,
				83CBBA211A601CBA00E9B192 /* Release */,
			);
			defaultConfigurationIsVisible = 0;
			defaultConfigurationName = Release;
		};
/* End XCConfigurationList section */
	};
	rootObject = 83CBB9F71A601CBA00E9B192 /* Project object */;
}
